// !$*UTF8*$!
{
	archiveVersion = 1;
	classes = {
	};
	objectVersion = 46;
	objects = {

/* Begin PBXBuildFile section */
		7B6E434B1E9A82DC00AB15D0 /* SIARequestProtocol.swift in Sources */ = {isa = PBXBuildFile; fileRef = 7B6E434A1E9A82DC00AB15D0 /* SIARequestProtocol.swift */; };
		7B6E434D1E9A830E00AB15D0 /* SIAHTTPMethod.swift in Sources */ = {isa = PBXBuildFile; fileRef = 7B6E434C1E9A830E00AB15D0 /* SIAHTTPMethod.swift */; };
		7B6E434F1E9A8B0D00AB15D0 /* SIANetworkRequest.swift in Sources */ = {isa = PBXBuildFile; fileRef = 7B6E434E1E9A8B0D00AB15D0 /* SIANetworkRequest.swift */; };
		7B6E43511E9A98C400AB15D0 /* SIANetworkService.swift in Sources */ = {isa = PBXBuildFile; fileRef = 7B6E43501E9A98C400AB15D0 /* SIANetworkService.swift */; };
		7B73DD8C1ED57E24001A6AB9 /* iftar2.html in Resources */ = {isa = PBXBuildFile; fileRef = 7B73DD8B1ED57E24001A6AB9 /* iftar2.html */; };
		7B73DD8F1ED94FAF001A6AB9 /* SAINewVideoTableViewController.swift in Sources */ = {isa = PBXBuildFile; fileRef = 7B73DD8E1ED94FAF001A6AB9 /* SAINewVideoTableViewController.swift */; };
		7B73DD921ED96E08001A6AB9 /* WebKit.framework in Frameworks */ = {isa = PBXBuildFile; fileRef = 7B73DD911ED96E08001A6AB9 /* WebKit.framework */; };
		7B73DD941ED971FD001A6AB9 /* CFNetwork.framework in Frameworks */ = {isa = PBXBuildFile; fileRef = 7B73DD931ED971FD001A6AB9 /* CFNetwork.framework */; };
		7B73DD961EDF0D84001A6AB9 /* SAISplashScreenViewController.swift in Sources */ = {isa = PBXBuildFile; fileRef = 7B73DD951EDF0D84001A6AB9 /* SAISplashScreenViewController.swift */; };
		7B73DD981EDF17E0001A6AB9 /* SAIEidDonateViewController.swift in Sources */ = {isa = PBXBuildFile; fileRef = 7B73DD971EDF17E0001A6AB9 /* SAIEidDonateViewController.swift */; };
		7B73DD9A1EE08624001A6AB9 /* SAIMonthlyDonateViewController.swift in Sources */ = {isa = PBXBuildFile; fileRef = 7B73DD991EE08624001A6AB9 /* SAIMonthlyDonateViewController.swift */; };
		7B8982ED1ED077D300B01B19 /* SAILoginViewController.swift in Sources */ = {isa = PBXBuildFile; fileRef = 7B8982EC1ED077D300B01B19 /* SAILoginViewController.swift */; };
		7B8982EF1ED086A200B01B19 /* SAIOTPViewController.swift in Sources */ = {isa = PBXBuildFile; fileRef = 7B8982EE1ED086A200B01B19 /* SAIOTPViewController.swift */; };
		7B8982F11ED16F6C00B01B19 /* SAIHadithViewController.swift in Sources */ = {isa = PBXBuildFile; fileRef = 7B8982F01ED16F6C00B01B19 /* SAIHadithViewController.swift */; };
		7B8982F31ED16F8000B01B19 /* SAIDuaViewController.swift in Sources */ = {isa = PBXBuildFile; fileRef = 7B8982F21ED16F8000B01B19 /* SAIDuaViewController.swift */; };
		7B8982F81ED176FE00B01B19 /* SAIDuaTableViewCell.swift in Sources */ = {isa = PBXBuildFile; fileRef = 7B8982F61ED176FE00B01B19 /* SAIDuaTableViewCell.swift */; };
		7B8982F91ED176FE00B01B19 /* SAIDuaTableViewCell.xib in Resources */ = {isa = PBXBuildFile; fileRef = 7B8982F71ED176FE00B01B19 /* SAIDuaTableViewCell.xib */; };
		7B8982FC1ED17D5600B01B19 /* SAIHadithTableViewCell.swift in Sources */ = {isa = PBXBuildFile; fileRef = 7B8982FA1ED17D5600B01B19 /* SAIHadithTableViewCell.swift */; };
		7B8982FD1ED17D5600B01B19 /* SAIHadithTableViewCell.xib in Resources */ = {isa = PBXBuildFile; fileRef = 7B8982FB1ED17D5600B01B19 /* SAIHadithTableViewCell.xib */; };
		7B8983001ED18FCA00B01B19 /* SAIPromotersViewController.swift in Sources */ = {isa = PBXBuildFile; fileRef = 7B8982FF1ED18FCA00B01B19 /* SAIPromotersViewController.swift */; };
		7B8983071ED1A47300B01B19 /* SAIInitiativesViewController.swift in Sources */ = {isa = PBXBuildFile; fileRef = 7B8983061ED1A47300B01B19 /* SAIInitiativesViewController.swift */; };
		7B89830B1ED1A4D700B01B19 /* SAIInitiativesTableViewCell.swift in Sources */ = {isa = PBXBuildFile; fileRef = 7B8983091ED1A4D700B01B19 /* SAIInitiativesTableViewCell.swift */; };
		7B89830C1ED1A4D700B01B19 /* SAIInitiativesTableViewCell.xib in Resources */ = {isa = PBXBuildFile; fileRef = 7B89830A1ED1A4D700B01B19 /* SAIInitiativesTableViewCell.xib */; };
		7B89830E1ED1A95D00B01B19 /* SAICompanyViewController.swift in Sources */ = {isa = PBXBuildFile; fileRef = 7B89830D1ED1A95D00B01B19 /* SAICompanyViewController.swift */; };
		7B8983111ED1BBF400B01B19 /* SAIUserProfileViewController.swift in Sources */ = {isa = PBXBuildFile; fileRef = 7B8983101ED1BBF400B01B19 /* SAIUserProfileViewController.swift */; };
		7B8983151ED1C97300B01B19 /* SAIAboutViewController.swift in Sources */ = {isa = PBXBuildFile; fileRef = 7B8983141ED1C97300B01B19 /* SAIAboutViewController.swift */; };
		7B8983171ED1D00000B01B19 /* about.html in Resources */ = {isa = PBXBuildFile; fileRef = 7B8983161ED1D00000B01B19 /* about.html */; };
		7BA55E2C1ECE088E00A3052A /* Services.plist in Resources */ = {isa = PBXBuildFile; fileRef = 7BA55E2B1ECE088E00A3052A /* Services.plist */; };
		7BA55E2E1ECE0B1C00A3052A /* SIATransactionManager.swift in Sources */ = {isa = PBXBuildFile; fileRef = 7BA55E2D1ECE0B1C00A3052A /* SIATransactionManager.swift */; };
		7BC0FC291ED319A7008E845D /* FrameView.swift in Sources */ = {isa = PBXBuildFile; fileRef = 7BC0FC171ED319A7008E845D /* FrameView.swift */; };
		7BC0FC2A1ED319A7008E845D /* HUD.swift in Sources */ = {isa = PBXBuildFile; fileRef = 7BC0FC181ED319A7008E845D /* HUD.swift */; };
		7BC0FC2B1ED319A7008E845D /* PKHUD.swift in Sources */ = {isa = PBXBuildFile; fileRef = 7BC0FC1A1ED319A7008E845D /* PKHUD.swift */; };
		7BC0FC2C1ED319A7008E845D /* PKHUDAnimating.swift in Sources */ = {isa = PBXBuildFile; fileRef = 7BC0FC1B1ED319A7008E845D /* PKHUDAnimating.swift */; };
		7BC0FC2D1ED319A7008E845D /* PKHUDAnimation.swift in Sources */ = {isa = PBXBuildFile; fileRef = 7BC0FC1C1ED319A7008E845D /* PKHUDAnimation.swift */; };
		7BC0FC2E1ED319A7008E845D /* PKHUDAssets.swift in Sources */ = {isa = PBXBuildFile; fileRef = 7BC0FC1D1ED319A7008E845D /* PKHUDAssets.swift */; };
		7BC0FC2F1ED319A7008E845D /* PKHUDErrorView.swift in Sources */ = {isa = PBXBuildFile; fileRef = 7BC0FC1E1ED319A7008E845D /* PKHUDErrorView.swift */; };
		7BC0FC301ED319A7008E845D /* PKHUDProgressView.swift in Sources */ = {isa = PBXBuildFile; fileRef = 7BC0FC1F1ED319A7008E845D /* PKHUDProgressView.swift */; };
		7BC0FC311ED319A7008E845D /* PKHUDRotatingImageView.swift in Sources */ = {isa = PBXBuildFile; fileRef = 7BC0FC201ED319A7008E845D /* PKHUDRotatingImageView.swift */; };
		7BC0FC321ED319A7008E845D /* PKHUDSquareBaseView.swift in Sources */ = {isa = PBXBuildFile; fileRef = 7BC0FC211ED319A7008E845D /* PKHUDSquareBaseView.swift */; };
		7BC0FC331ED319A7008E845D /* PKHUDSuccessView.swift in Sources */ = {isa = PBXBuildFile; fileRef = 7BC0FC221ED319A7008E845D /* PKHUDSuccessView.swift */; };
		7BC0FC341ED319A7008E845D /* PKHUDSystemActivityIndicatorView.swift in Sources */ = {isa = PBXBuildFile; fileRef = 7BC0FC231ED319A7008E845D /* PKHUDSystemActivityIndicatorView.swift */; };
		7BC0FC351ED319A7008E845D /* PKHUDTextView.swift in Sources */ = {isa = PBXBuildFile; fileRef = 7BC0FC241ED319A7008E845D /* PKHUDTextView.swift */; };
		7BC0FC361ED319A7008E845D /* PKHUDWideBaseView.swift in Sources */ = {isa = PBXBuildFile; fileRef = 7BC0FC251ED319A7008E845D /* PKHUDWideBaseView.swift */; };
		7BC0FC371ED319A7008E845D /* PKImages.xcassets in Resources */ = {isa = PBXBuildFile; fileRef = 7BC0FC261ED319A7008E845D /* PKImages.xcassets */; };
		7BC0FC381ED319A7008E845D /* Window.swift in Sources */ = {isa = PBXBuildFile; fileRef = 7BC0FC271ED319A7008E845D /* Window.swift */; };
		7BC0FC391ED319A7008E845D /* WindowRootViewController.swift in Sources */ = {isa = PBXBuildFile; fileRef = 7BC0FC281ED319A7008E845D /* WindowRootViewController.swift */; };
		7BC0FC3E1ED3360A008E845D /* about1.html in Resources */ = {isa = PBXBuildFile; fileRef = 7BC0FC3A1ED3360A008E845D /* about1.html */; };
		7BC0FC3F1ED3360A008E845D /* eidkit1.html in Resources */ = {isa = PBXBuildFile; fileRef = 7BC0FC3B1ED3360A008E845D /* eidkit1.html */; };
		7BC0FC401ED3360A008E845D /* iftar1.html in Resources */ = {isa = PBXBuildFile; fileRef = 7BC0FC3C1ED3360A008E845D /* iftar1.html */; };
		7BC0FC411ED3360A008E845D /* ramadankit1.html in Resources */ = {isa = PBXBuildFile; fileRef = 7BC0FC3D1ED3360A008E845D /* ramadankit1.html */; };
		7BDF61341ED48ABB00B1B561 /* rsa.h.bak in Resources */ = {isa = PBXBuildFile; fileRef = 7BDF611C1ED48ABB00B1B561 /* rsa.h.bak */; };
		7BDF61351ED48ABB00B1B561 /* libcrypto.a in Frameworks */ = {isa = PBXBuildFile; fileRef = 7BDF61321ED48ABB00B1B561 /* libcrypto.a */; };
		7BDF61361ED48ABB00B1B561 /* libssl.a in Frameworks */ = {isa = PBXBuildFile; fileRef = 7BDF61331ED48ABB00B1B561 /* libssl.a */; };
		7BDF61431ED48FBA00B1B561 /* CCInitViewController.m in Sources */ = {isa = PBXBuildFile; fileRef = 7BDF613E1ED48FBA00B1B561 /* CCInitViewController.m */; };
		7BDF61441ED48FBA00B1B561 /* CCResultViewController.m in Sources */ = {isa = PBXBuildFile; fileRef = 7BDF61401ED48FBA00B1B561 /* CCResultViewController.m */; };
		7BDF61451ED48FBA00B1B561 /* CCWebViewController.m in Sources */ = {isa = PBXBuildFile; fileRef = 7BDF61421ED48FBA00B1B561 /* CCWebViewController.m */; };
		7BDF614A1ED4AEEB00B1B561 /* Base64.m in Sources */ = {isa = PBXBuildFile; fileRef = 7BDF61471ED4AEEB00B1B561 /* Base64.m */; };
		7BDF614B1ED4AEEB00B1B561 /* CCTool.m in Sources */ = {isa = PBXBuildFile; fileRef = 7BDF61491ED4AEEB00B1B561 /* CCTool.m */; };
		96F7D4571E91346D00B23325 /* AppDelegate.swift in Sources */ = {isa = PBXBuildFile; fileRef = 96F7D4561E91346D00B23325 /* AppDelegate.swift */; };
		96F7D4591E91346D00B23325 /* ViewController.swift in Sources */ = {isa = PBXBuildFile; fileRef = 96F7D4581E91346D00B23325 /* ViewController.swift */; };
		96F7D45C1E91346D00B23325 /* Main.storyboard in Resources */ = {isa = PBXBuildFile; fileRef = 96F7D45A1E91346D00B23325 /* Main.storyboard */; };
		96F7D45E1E91346D00B23325 /* Assets.xcassets in Resources */ = {isa = PBXBuildFile; fileRef = 96F7D45D1E91346D00B23325 /* Assets.xcassets */; };
		96F7D4611E91346D00B23325 /* LaunchScreen.storyboard in Resources */ = {isa = PBXBuildFile; fileRef = 96F7D45F1E91346D00B23325 /* LaunchScreen.storyboard */; };
		96F7D46E1E9151E000B23325 /* SAIViewController.swift in Sources */ = {isa = PBXBuildFile; fileRef = 96F7D46D1E9151E000B23325 /* SAIViewController.swift */; };
		96F7D4751E990F9600B23325 /* iftar.html in Resources */ = {isa = PBXBuildFile; fileRef = 96F7D4741E990F9600B23325 /* iftar.html */; };
		96F7D4781E99119600B23325 /* eidkit.html in Resources */ = {isa = PBXBuildFile; fileRef = 96F7D4761E99119600B23325 /* eidkit.html */; };
		96F7D4791E99119600B23325 /* monthlykits.html in Resources */ = {isa = PBXBuildFile; fileRef = 96F7D4771E99119600B23325 /* monthlykits.html */; };
		D378F54A1ED418B100E88E25 /* SAIUserTableViewCell.swift in Sources */ = {isa = PBXBuildFile; fileRef = D378F5481ED418B100E88E25 /* SAIUserTableViewCell.swift */; };
		D378F54B1ED418B100E88E25 /* SAIUserTableViewCell.xib in Resources */ = {isa = PBXBuildFile; fileRef = D378F5491ED418B100E88E25 /* SAIUserTableViewCell.xib */; };
		D378F5671ED427D500E88E25 /* IQNSArray+Sort.swift in Sources */ = {isa = PBXBuildFile; fileRef = D378F5511ED427D500E88E25 /* IQNSArray+Sort.swift */; };
		D378F5681ED427D500E88E25 /* IQUIScrollView+Additions.swift in Sources */ = {isa = PBXBuildFile; fileRef = D378F5521ED427D500E88E25 /* IQUIScrollView+Additions.swift */; };
		D378F5691ED427D500E88E25 /* IQUITextFieldView+Additions.swift in Sources */ = {isa = PBXBuildFile; fileRef = D378F5531ED427D500E88E25 /* IQUITextFieldView+Additions.swift */; };
		D378F56A1ED427D500E88E25 /* IQUIView+Hierarchy.swift in Sources */ = {isa = PBXBuildFile; fileRef = D378F5541ED427D500E88E25 /* IQUIView+Hierarchy.swift */; };
		D378F56B1ED427D500E88E25 /* IQUIViewController+Additions.swift in Sources */ = {isa = PBXBuildFile; fileRef = D378F5551ED427D500E88E25 /* IQUIViewController+Additions.swift */; };
		D378F56C1ED427D500E88E25 /* IQUIWindow+Hierarchy.swift in Sources */ = {isa = PBXBuildFile; fileRef = D378F5561ED427D500E88E25 /* IQUIWindow+Hierarchy.swift */; };
		D378F56D1ED427D500E88E25 /* IQKeyboardManagerConstants.swift in Sources */ = {isa = PBXBuildFile; fileRef = D378F5581ED427D500E88E25 /* IQKeyboardManagerConstants.swift */; };
		D378F56E1ED427D500E88E25 /* IQKeyboardManagerConstantsInternal.swift in Sources */ = {isa = PBXBuildFile; fileRef = D378F5591ED427D500E88E25 /* IQKeyboardManagerConstantsInternal.swift */; };
		D378F56F1ED427D500E88E25 /* IQKeyboardManager.swift in Sources */ = {isa = PBXBuildFile; fileRef = D378F55A1ED427D500E88E25 /* IQKeyboardManager.swift */; };
		D378F5701ED427D500E88E25 /* IQKeyboardReturnKeyHandler.swift in Sources */ = {isa = PBXBuildFile; fileRef = D378F55C1ED427D500E88E25 /* IQKeyboardReturnKeyHandler.swift */; };
		D378F5711ED427D500E88E25 /* IQTextView.swift in Sources */ = {isa = PBXBuildFile; fileRef = D378F55E1ED427D500E88E25 /* IQTextView.swift */; };
		D378F5721ED427D500E88E25 /* IQBarButtonItem.swift in Sources */ = {isa = PBXBuildFile; fileRef = D378F5601ED427D500E88E25 /* IQBarButtonItem.swift */; };
		D378F5731ED427D500E88E25 /* IQPreviousNextView.swift in Sources */ = {isa = PBXBuildFile; fileRef = D378F5611ED427D500E88E25 /* IQPreviousNextView.swift */; };
		D378F5741ED427D500E88E25 /* IQTitleBarButtonItem.swift in Sources */ = {isa = PBXBuildFile; fileRef = D378F5621ED427D500E88E25 /* IQTitleBarButtonItem.swift */; };
		D378F5751ED427D500E88E25 /* IQToolbar.swift in Sources */ = {isa = PBXBuildFile; fileRef = D378F5631ED427D500E88E25 /* IQToolbar.swift */; };
		D378F5761ED427D500E88E25 /* IQUIView+IQKeyboardToolbar.swift in Sources */ = {isa = PBXBuildFile; fileRef = D378F5641ED427D500E88E25 /* IQUIView+IQKeyboardToolbar.swift */; };
		D378F5771ED427D500E88E25 /* IQKeyboardManager.bundle in Resources */ = {isa = PBXBuildFile; fileRef = D378F5661ED427D500E88E25 /* IQKeyboardManager.bundle */; };
		D3A0E7D91E94C95E00FB26C6 /* SAITabBarController.swift in Sources */ = {isa = PBXBuildFile; fileRef = D3A0E7D81E94C95E00FB26C6 /* SAITabBarController.swift */; };
		D3A0E7EB1E950BE100FB26C6 /* SAIEidViewController.swift in Sources */ = {isa = PBXBuildFile; fileRef = D3A0E7EA1E950BE100FB26C6 /* SAIEidViewController.swift */; };
		D3A0E7ED1E950BF500FB26C6 /* SAIHomeScreenViewController.swift in Sources */ = {isa = PBXBuildFile; fileRef = D3A0E7EC1E950BF500FB26C6 /* SAIHomeScreenViewController.swift */; };
		D3A0E7EF1E950C0700FB26C6 /* SAIIftarViewController.swift in Sources */ = {isa = PBXBuildFile; fileRef = D3A0E7EE1E950C0700FB26C6 /* SAIIftarViewController.swift */; };
		D3A0E7F11E950C1600FB26C6 /* SAIMonthlyViewController.swift in Sources */ = {isa = PBXBuildFile; fileRef = D3A0E7F01E950C1600FB26C6 /* SAIMonthlyViewController.swift */; };
		D3A0E7F81E951A5A00FB26C6 /* SWRevealViewController.m in Sources */ = {isa = PBXBuildFile; fileRef = D3A0E7F71E951A5A00FB26C6 /* SWRevealViewController.m */; };
		D3A0E7FA1E95276900FB26C6 /* SAIRevealViewController.swift in Sources */ = {isa = PBXBuildFile; fileRef = D3A0E7F91E95276900FB26C6 /* SAIRevealViewController.swift */; };
		D3A0E7FC1E9527EF00FB26C6 /* SAISideMenuTableViewController.swift in Sources */ = {isa = PBXBuildFile; fileRef = D3A0E7FB1E9527EF00FB26C6 /* SAISideMenuTableViewController.swift */; };
		D3A0E7FF1E953A0600FB26C6 /* SAIConstants.swift in Sources */ = {isa = PBXBuildFile; fileRef = D3A0E7FE1E953A0600FB26C6 /* SAIConstants.swift */; };
		D3A0E8021E96432D00FB26C6 /* SAIIftarDonateViewController.swift in Sources */ = {isa = PBXBuildFile; fileRef = D3A0E8011E96432D00FB26C6 /* SAIIftarDonateViewController.swift */; };
		D3A0E8081E978CD800FB26C6 /* SAIFundViewController.swift in Sources */ = {isa = PBXBuildFile; fileRef = D3A0E8071E978CD800FB26C6 /* SAIFundViewController.swift */; };
		D3A0E80C1E978D5900FB26C6 /* SAIGemViewController.swift in Sources */ = {isa = PBXBuildFile; fileRef = D3A0E80B1E978D5900FB26C6 /* SAIGemViewController.swift */; };
		D3A0E80E1E978D6900FB26C6 /* SAIVideoViewController.swift in Sources */ = {isa = PBXBuildFile; fileRef = D3A0E80D1E978D6900FB26C6 /* SAIVideoViewController.swift */; };
		D3A0E8431E9A358E00FB26C6 /* KCFABManager.swift in Sources */ = {isa = PBXBuildFile; fileRef = D3A0E83C1E9A358E00FB26C6 /* KCFABManager.swift */; };
		D3A0E8441E9A358E00FB26C6 /* KCFABViewController.swift in Sources */ = {isa = PBXBuildFile; fileRef = D3A0E83D1E9A358E00FB26C6 /* KCFABViewController.swift */; };
		D3A0E8451E9A358E00FB26C6 /* KCFABWindow.swift in Sources */ = {isa = PBXBuildFile; fileRef = D3A0E83E1E9A358E00FB26C6 /* KCFABWindow.swift */; };
		D3A0E8461E9A358E00FB26C6 /* KCFloatingActionButton.swift in Sources */ = {isa = PBXBuildFile; fileRef = D3A0E8401E9A358E00FB26C6 /* KCFloatingActionButton.swift */; };
		D3A0E8471E9A358E00FB26C6 /* KCFloatingActionButtonDelegate.swift in Sources */ = {isa = PBXBuildFile; fileRef = D3A0E8411E9A358E00FB26C6 /* KCFloatingActionButtonDelegate.swift */; };
		D3A0E8481E9A358E00FB26C6 /* KCFloatingActionButtonItem.swift in Sources */ = {isa = PBXBuildFile; fileRef = D3A0E8421E9A358E00FB26C6 /* KCFloatingActionButtonItem.swift */; };
/* End PBXBuildFile section */

/* Begin PBXFileReference section */
		7B6E434A1E9A82DC00AB15D0 /* SIARequestProtocol.swift */ = {isa = PBXFileReference; fileEncoding = 4; lastKnownFileType = sourcecode.swift; path = SIARequestProtocol.swift; sourceTree = "<group>"; };
		7B6E434C1E9A830E00AB15D0 /* SIAHTTPMethod.swift */ = {isa = PBXFileReference; fileEncoding = 4; lastKnownFileType = sourcecode.swift; path = SIAHTTPMethod.swift; sourceTree = "<group>"; };
		7B6E434E1E9A8B0D00AB15D0 /* SIANetworkRequest.swift */ = {isa = PBXFileReference; fileEncoding = 4; lastKnownFileType = sourcecode.swift; path = SIANetworkRequest.swift; sourceTree = "<group>"; };
		7B6E43501E9A98C400AB15D0 /* SIANetworkService.swift */ = {isa = PBXFileReference; fileEncoding = 4; lastKnownFileType = sourcecode.swift; path = SIANetworkService.swift; sourceTree = "<group>"; };
		7B73DD8B1ED57E24001A6AB9 /* iftar2.html */ = {isa = PBXFileReference; fileEncoding = 4; lastKnownFileType = text.html; path = iftar2.html; sourceTree = "<group>"; };
		7B73DD8E1ED94FAF001A6AB9 /* SAINewVideoTableViewController.swift */ = {isa = PBXFileReference; fileEncoding = 4; lastKnownFileType = sourcecode.swift; path = SAINewVideoTableViewController.swift; sourceTree = "<group>"; };
		7B73DD911ED96E08001A6AB9 /* WebKit.framework */ = {isa = PBXFileReference; lastKnownFileType = wrapper.framework; name = WebKit.framework; path = System/Library/Frameworks/WebKit.framework; sourceTree = SDKROOT; };
		7B73DD931ED971FD001A6AB9 /* CFNetwork.framework */ = {isa = PBXFileReference; lastKnownFileType = wrapper.framework; name = CFNetwork.framework; path = System/Library/Frameworks/CFNetwork.framework; sourceTree = SDKROOT; };
		7B73DD951EDF0D84001A6AB9 /* SAISplashScreenViewController.swift */ = {isa = PBXFileReference; fileEncoding = 4; lastKnownFileType = sourcecode.swift; path = SAISplashScreenViewController.swift; sourceTree = "<group>"; };
		7B73DD971EDF17E0001A6AB9 /* SAIEidDonateViewController.swift */ = {isa = PBXFileReference; fileEncoding = 4; lastKnownFileType = sourcecode.swift; path = SAIEidDonateViewController.swift; sourceTree = "<group>"; };
		7B73DD991EE08624001A6AB9 /* SAIMonthlyDonateViewController.swift */ = {isa = PBXFileReference; fileEncoding = 4; lastKnownFileType = sourcecode.swift; path = SAIMonthlyDonateViewController.swift; sourceTree = "<group>"; };
		7B8982EC1ED077D300B01B19 /* SAILoginViewController.swift */ = {isa = PBXFileReference; fileEncoding = 4; lastKnownFileType = sourcecode.swift; path = SAILoginViewController.swift; sourceTree = "<group>"; };
		7B8982EE1ED086A200B01B19 /* SAIOTPViewController.swift */ = {isa = PBXFileReference; fileEncoding = 4; lastKnownFileType = sourcecode.swift; path = SAIOTPViewController.swift; sourceTree = "<group>"; };
		7B8982F01ED16F6C00B01B19 /* SAIHadithViewController.swift */ = {isa = PBXFileReference; fileEncoding = 4; lastKnownFileType = sourcecode.swift; path = SAIHadithViewController.swift; sourceTree = "<group>"; };
		7B8982F21ED16F8000B01B19 /* SAIDuaViewController.swift */ = {isa = PBXFileReference; fileEncoding = 4; lastKnownFileType = sourcecode.swift; path = SAIDuaViewController.swift; sourceTree = "<group>"; };
		7B8982F61ED176FE00B01B19 /* SAIDuaTableViewCell.swift */ = {isa = PBXFileReference; fileEncoding = 4; lastKnownFileType = sourcecode.swift; path = SAIDuaTableViewCell.swift; sourceTree = "<group>"; };
		7B8982F71ED176FE00B01B19 /* SAIDuaTableViewCell.xib */ = {isa = PBXFileReference; fileEncoding = 4; lastKnownFileType = file.xib; path = SAIDuaTableViewCell.xib; sourceTree = "<group>"; };
		7B8982FA1ED17D5600B01B19 /* SAIHadithTableViewCell.swift */ = {isa = PBXFileReference; fileEncoding = 4; lastKnownFileType = sourcecode.swift; path = SAIHadithTableViewCell.swift; sourceTree = "<group>"; };
		7B8982FB1ED17D5600B01B19 /* SAIHadithTableViewCell.xib */ = {isa = PBXFileReference; fileEncoding = 4; lastKnownFileType = file.xib; path = SAIHadithTableViewCell.xib; sourceTree = "<group>"; };
		7B8982FF1ED18FCA00B01B19 /* SAIPromotersViewController.swift */ = {isa = PBXFileReference; fileEncoding = 4; lastKnownFileType = sourcecode.swift; path = SAIPromotersViewController.swift; sourceTree = "<group>"; };
		7B8983061ED1A47300B01B19 /* SAIInitiativesViewController.swift */ = {isa = PBXFileReference; fileEncoding = 4; lastKnownFileType = sourcecode.swift; path = SAIInitiativesViewController.swift; sourceTree = "<group>"; };
		7B8983091ED1A4D700B01B19 /* SAIInitiativesTableViewCell.swift */ = {isa = PBXFileReference; fileEncoding = 4; lastKnownFileType = sourcecode.swift; path = SAIInitiativesTableViewCell.swift; sourceTree = "<group>"; };
		7B89830A1ED1A4D700B01B19 /* SAIInitiativesTableViewCell.xib */ = {isa = PBXFileReference; fileEncoding = 4; lastKnownFileType = file.xib; path = SAIInitiativesTableViewCell.xib; sourceTree = "<group>"; };
		7B89830D1ED1A95D00B01B19 /* SAICompanyViewController.swift */ = {isa = PBXFileReference; fileEncoding = 4; lastKnownFileType = sourcecode.swift; path = SAICompanyViewController.swift; sourceTree = "<group>"; };
		7B8983101ED1BBF400B01B19 /* SAIUserProfileViewController.swift */ = {isa = PBXFileReference; fileEncoding = 4; lastKnownFileType = sourcecode.swift; path = SAIUserProfileViewController.swift; sourceTree = "<group>"; };
		7B8983141ED1C97300B01B19 /* SAIAboutViewController.swift */ = {isa = PBXFileReference; fileEncoding = 4; lastKnownFileType = sourcecode.swift; path = SAIAboutViewController.swift; sourceTree = "<group>"; };
		7B8983161ED1D00000B01B19 /* about.html */ = {isa = PBXFileReference; fileEncoding = 4; lastKnownFileType = text.html; path = about.html; sourceTree = "<group>"; };
		7BA55E2B1ECE088E00A3052A /* Services.plist */ = {isa = PBXFileReference; fileEncoding = 4; lastKnownFileType = text.plist.xml; path = Services.plist; sourceTree = "<group>"; };
		7BA55E2D1ECE0B1C00A3052A /* SIATransactionManager.swift */ = {isa = PBXFileReference; fileEncoding = 4; lastKnownFileType = sourcecode.swift; path = SIATransactionManager.swift; sourceTree = "<group>"; };
		7BC0FC171ED319A7008E845D /* FrameView.swift */ = {isa = PBXFileReference; fileEncoding = 4; lastKnownFileType = sourcecode.swift; path = FrameView.swift; sourceTree = "<group>"; };
		7BC0FC181ED319A7008E845D /* HUD.swift */ = {isa = PBXFileReference; fileEncoding = 4; lastKnownFileType = sourcecode.swift; path = HUD.swift; sourceTree = "<group>"; };
		7BC0FC191ED319A7008E845D /* PKHUD.h */ = {isa = PBXFileReference; fileEncoding = 4; lastKnownFileType = sourcecode.c.h; path = PKHUD.h; sourceTree = "<group>"; };
		7BC0FC1A1ED319A7008E845D /* PKHUD.swift */ = {isa = PBXFileReference; fileEncoding = 4; lastKnownFileType = sourcecode.swift; path = PKHUD.swift; sourceTree = "<group>"; };
		7BC0FC1B1ED319A7008E845D /* PKHUDAnimating.swift */ = {isa = PBXFileReference; fileEncoding = 4; lastKnownFileType = sourcecode.swift; path = PKHUDAnimating.swift; sourceTree = "<group>"; };
		7BC0FC1C1ED319A7008E845D /* PKHUDAnimation.swift */ = {isa = PBXFileReference; fileEncoding = 4; lastKnownFileType = sourcecode.swift; path = PKHUDAnimation.swift; sourceTree = "<group>"; };
		7BC0FC1D1ED319A7008E845D /* PKHUDAssets.swift */ = {isa = PBXFileReference; fileEncoding = 4; lastKnownFileType = sourcecode.swift; path = PKHUDAssets.swift; sourceTree = "<group>"; };
		7BC0FC1E1ED319A7008E845D /* PKHUDErrorView.swift */ = {isa = PBXFileReference; fileEncoding = 4; lastKnownFileType = sourcecode.swift; path = PKHUDErrorView.swift; sourceTree = "<group>"; };
		7BC0FC1F1ED319A7008E845D /* PKHUDProgressView.swift */ = {isa = PBXFileReference; fileEncoding = 4; lastKnownFileType = sourcecode.swift; path = PKHUDProgressView.swift; sourceTree = "<group>"; };
		7BC0FC201ED319A7008E845D /* PKHUDRotatingImageView.swift */ = {isa = PBXFileReference; fileEncoding = 4; lastKnownFileType = sourcecode.swift; path = PKHUDRotatingImageView.swift; sourceTree = "<group>"; };
		7BC0FC211ED319A7008E845D /* PKHUDSquareBaseView.swift */ = {isa = PBXFileReference; fileEncoding = 4; lastKnownFileType = sourcecode.swift; path = PKHUDSquareBaseView.swift; sourceTree = "<group>"; };
		7BC0FC221ED319A7008E845D /* PKHUDSuccessView.swift */ = {isa = PBXFileReference; fileEncoding = 4; lastKnownFileType = sourcecode.swift; path = PKHUDSuccessView.swift; sourceTree = "<group>"; };
		7BC0FC231ED319A7008E845D /* PKHUDSystemActivityIndicatorView.swift */ = {isa = PBXFileReference; fileEncoding = 4; lastKnownFileType = sourcecode.swift; path = PKHUDSystemActivityIndicatorView.swift; sourceTree = "<group>"; };
		7BC0FC241ED319A7008E845D /* PKHUDTextView.swift */ = {isa = PBXFileReference; fileEncoding = 4; lastKnownFileType = sourcecode.swift; path = PKHUDTextView.swift; sourceTree = "<group>"; };
		7BC0FC251ED319A7008E845D /* PKHUDWideBaseView.swift */ = {isa = PBXFileReference; fileEncoding = 4; lastKnownFileType = sourcecode.swift; path = PKHUDWideBaseView.swift; sourceTree = "<group>"; };
		7BC0FC261ED319A7008E845D /* PKImages.xcassets */ = {isa = PBXFileReference; lastKnownFileType = folder.assetcatalog; path = PKImages.xcassets; sourceTree = "<group>"; };
		7BC0FC271ED319A7008E845D /* Window.swift */ = {isa = PBXFileReference; fileEncoding = 4; lastKnownFileType = sourcecode.swift; path = Window.swift; sourceTree = "<group>"; };
		7BC0FC281ED319A7008E845D /* WindowRootViewController.swift */ = {isa = PBXFileReference; fileEncoding = 4; lastKnownFileType = sourcecode.swift; path = WindowRootViewController.swift; sourceTree = "<group>"; };
		7BC0FC3A1ED3360A008E845D /* about1.html */ = {isa = PBXFileReference; fileEncoding = 4; lastKnownFileType = text.html; path = about1.html; sourceTree = "<group>"; };
		7BC0FC3B1ED3360A008E845D /* eidkit1.html */ = {isa = PBXFileReference; fileEncoding = 4; lastKnownFileType = text.html; path = eidkit1.html; sourceTree = "<group>"; };
		7BC0FC3C1ED3360A008E845D /* iftar1.html */ = {isa = PBXFileReference; fileEncoding = 4; lastKnownFileType = text.html; path = iftar1.html; sourceTree = "<group>"; };
		7BC0FC3D1ED3360A008E845D /* ramadankit1.html */ = {isa = PBXFileReference; fileEncoding = 4; lastKnownFileType = text.html; path = ramadankit1.html; sourceTree = "<group>"; };
		7BDF60E51ED48ABB00B1B561 /* aes.h */ = {isa = PBXFileReference; fileEncoding = 4; lastKnownFileType = sourcecode.c.h; path = aes.h; sourceTree = "<group>"; };
		7BDF60E61ED48ABB00B1B561 /* asn1.h */ = {isa = PBXFileReference; fileEncoding = 4; lastKnownFileType = sourcecode.c.h; path = asn1.h; sourceTree = "<group>"; };
		7BDF60E71ED48ABB00B1B561 /* asn1_mac.h */ = {isa = PBXFileReference; fileEncoding = 4; lastKnownFileType = sourcecode.c.h; path = asn1_mac.h; sourceTree = "<group>"; };
		7BDF60E81ED48ABB00B1B561 /* asn1t.h */ = {isa = PBXFileReference; fileEncoding = 4; lastKnownFileType = sourcecode.c.h; path = asn1t.h; sourceTree = "<group>"; };
		7BDF60E91ED48ABB00B1B561 /* bio.h */ = {isa = PBXFileReference; fileEncoding = 4; lastKnownFileType = sourcecode.c.h; path = bio.h; sourceTree = "<group>"; };
		7BDF60EA1ED48ABB00B1B561 /* blowfish.h */ = {isa = PBXFileReference; fileEncoding = 4; lastKnownFileType = sourcecode.c.h; path = blowfish.h; sourceTree = "<group>"; };
		7BDF60EB1ED48ABB00B1B561 /* bn.h */ = {isa = PBXFileReference; fileEncoding = 4; lastKnownFileType = sourcecode.c.h; path = bn.h; sourceTree = "<group>"; };
		7BDF60EC1ED48ABB00B1B561 /* buffer.h */ = {isa = PBXFileReference; fileEncoding = 4; lastKnownFileType = sourcecode.c.h; path = buffer.h; sourceTree = "<group>"; };
		7BDF60ED1ED48ABB00B1B561 /* camellia.h */ = {isa = PBXFileReference; fileEncoding = 4; lastKnownFileType = sourcecode.c.h; path = camellia.h; sourceTree = "<group>"; };
		7BDF60EE1ED48ABB00B1B561 /* cast.h */ = {isa = PBXFileReference; fileEncoding = 4; lastKnownFileType = sourcecode.c.h; path = cast.h; sourceTree = "<group>"; };
		7BDF60EF1ED48ABB00B1B561 /* cmac.h */ = {isa = PBXFileReference; fileEncoding = 4; lastKnownFileType = sourcecode.c.h; path = cmac.h; sourceTree = "<group>"; };
		7BDF60F01ED48ABB00B1B561 /* cms.h */ = {isa = PBXFileReference; fileEncoding = 4; lastKnownFileType = sourcecode.c.h; path = cms.h; sourceTree = "<group>"; };
		7BDF60F11ED48ABB00B1B561 /* comp.h */ = {isa = PBXFileReference; fileEncoding = 4; lastKnownFileType = sourcecode.c.h; path = comp.h; sourceTree = "<group>"; };
		7BDF60F21ED48ABB00B1B561 /* conf.h */ = {isa = PBXFileReference; fileEncoding = 4; lastKnownFileType = sourcecode.c.h; path = conf.h; sourceTree = "<group>"; };
		7BDF60F31ED48ABB00B1B561 /* conf_api.h */ = {isa = PBXFileReference; fileEncoding = 4; lastKnownFileType = sourcecode.c.h; path = conf_api.h; sourceTree = "<group>"; };
		7BDF60F41ED48ABB00B1B561 /* crypto.h */ = {isa = PBXFileReference; fileEncoding = 4; lastKnownFileType = sourcecode.c.h; path = crypto.h; sourceTree = "<group>"; };
		7BDF60F51ED48ABB00B1B561 /* des.h */ = {isa = PBXFileReference; fileEncoding = 4; lastKnownFileType = sourcecode.c.h; path = des.h; sourceTree = "<group>"; };
		7BDF60F61ED48ABB00B1B561 /* des_old.h */ = {isa = PBXFileReference; fileEncoding = 4; lastKnownFileType = sourcecode.c.h; path = des_old.h; sourceTree = "<group>"; };
		7BDF60F71ED48ABB00B1B561 /* dh.h */ = {isa = PBXFileReference; fileEncoding = 4; lastKnownFileType = sourcecode.c.h; path = dh.h; sourceTree = "<group>"; };
		7BDF60F81ED48ABB00B1B561 /* dsa.h */ = {isa = PBXFileReference; fileEncoding = 4; lastKnownFileType = sourcecode.c.h; path = dsa.h; sourceTree = "<group>"; };
		7BDF60F91ED48ABB00B1B561 /* dso.h */ = {isa = PBXFileReference; fileEncoding = 4; lastKnownFileType = sourcecode.c.h; path = dso.h; sourceTree = "<group>"; };
		7BDF60FA1ED48ABB00B1B561 /* dtls1.h */ = {isa = PBXFileReference; fileEncoding = 4; lastKnownFileType = sourcecode.c.h; path = dtls1.h; sourceTree = "<group>"; };
		7BDF60FB1ED48ABB00B1B561 /* e_os2.h */ = {isa = PBXFileReference; fileEncoding = 4; lastKnownFileType = sourcecode.c.h; path = e_os2.h; sourceTree = "<group>"; };
		7BDF60FC1ED48ABB00B1B561 /* ebcdic.h */ = {isa = PBXFileReference; fileEncoding = 4; lastKnownFileType = sourcecode.c.h; path = ebcdic.h; sourceTree = "<group>"; };
		7BDF60FD1ED48ABB00B1B561 /* ec.h */ = {isa = PBXFileReference; fileEncoding = 4; lastKnownFileType = sourcecode.c.h; path = ec.h; sourceTree = "<group>"; };
		7BDF60FE1ED48ABB00B1B561 /* ecdh.h */ = {isa = PBXFileReference; fileEncoding = 4; lastKnownFileType = sourcecode.c.h; path = ecdh.h; sourceTree = "<group>"; };
		7BDF60FF1ED48ABB00B1B561 /* ecdsa.h */ = {isa = PBXFileReference; fileEncoding = 4; lastKnownFileType = sourcecode.c.h; path = ecdsa.h; sourceTree = "<group>"; };
		7BDF61001ED48ABB00B1B561 /* engine.h */ = {isa = PBXFileReference; fileEncoding = 4; lastKnownFileType = sourcecode.c.h; path = engine.h; sourceTree = "<group>"; };
		7BDF61011ED48ABB00B1B561 /* err.h */ = {isa = PBXFileReference; fileEncoding = 4; lastKnownFileType = sourcecode.c.h; path = err.h; sourceTree = "<group>"; };
		7BDF61021ED48ABB00B1B561 /* evp.h */ = {isa = PBXFileReference; fileEncoding = 4; lastKnownFileType = sourcecode.c.h; path = evp.h; sourceTree = "<group>"; };
		7BDF61031ED48ABB00B1B561 /* hmac.h */ = {isa = PBXFileReference; fileEncoding = 4; lastKnownFileType = sourcecode.c.h; path = hmac.h; sourceTree = "<group>"; };
		7BDF61041ED48ABB00B1B561 /* idea.h */ = {isa = PBXFileReference; fileEncoding = 4; lastKnownFileType = sourcecode.c.h; path = idea.h; sourceTree = "<group>"; };
		7BDF61051ED48ABB00B1B561 /* krb5_asn.h */ = {isa = PBXFileReference; fileEncoding = 4; lastKnownFileType = sourcecode.c.h; path = krb5_asn.h; sourceTree = "<group>"; };
		7BDF61061ED48ABB00B1B561 /* kssl.h */ = {isa = PBXFileReference; fileEncoding = 4; lastKnownFileType = sourcecode.c.h; path = kssl.h; sourceTree = "<group>"; };
		7BDF61071ED48ABB00B1B561 /* lhash.h */ = {isa = PBXFileReference; fileEncoding = 4; lastKnownFileType = sourcecode.c.h; path = lhash.h; sourceTree = "<group>"; };
		7BDF61081ED48ABB00B1B561 /* md4.h */ = {isa = PBXFileReference; fileEncoding = 4; lastKnownFileType = sourcecode.c.h; path = md4.h; sourceTree = "<group>"; };
		7BDF61091ED48ABB00B1B561 /* md5.h */ = {isa = PBXFileReference; fileEncoding = 4; lastKnownFileType = sourcecode.c.h; path = md5.h; sourceTree = "<group>"; };
		7BDF610A1ED48ABB00B1B561 /* mdc2.h */ = {isa = PBXFileReference; fileEncoding = 4; lastKnownFileType = sourcecode.c.h; path = mdc2.h; sourceTree = "<group>"; };
		7BDF610B1ED48ABB00B1B561 /* modes.h */ = {isa = PBXFileReference; fileEncoding = 4; lastKnownFileType = sourcecode.c.h; path = modes.h; sourceTree = "<group>"; };
		7BDF610C1ED48ABB00B1B561 /* obj_mac.h */ = {isa = PBXFileReference; fileEncoding = 4; lastKnownFileType = sourcecode.c.h; path = obj_mac.h; sourceTree = "<group>"; };
		7BDF610D1ED48ABB00B1B561 /* objects.h */ = {isa = PBXFileReference; fileEncoding = 4; lastKnownFileType = sourcecode.c.h; path = objects.h; sourceTree = "<group>"; };
		7BDF610E1ED48ABB00B1B561 /* ocsp.h */ = {isa = PBXFileReference; fileEncoding = 4; lastKnownFileType = sourcecode.c.h; path = ocsp.h; sourceTree = "<group>"; };
		7BDF610F1ED48ABB00B1B561 /* opensslconf.h */ = {isa = PBXFileReference; fileEncoding = 4; lastKnownFileType = sourcecode.c.h; path = opensslconf.h; sourceTree = "<group>"; };
		7BDF61101ED48ABB00B1B561 /* opensslv.h */ = {isa = PBXFileReference; fileEncoding = 4; lastKnownFileType = sourcecode.c.h; path = opensslv.h; sourceTree = "<group>"; };
		7BDF61111ED48ABB00B1B561 /* ossl_typ.h */ = {isa = PBXFileReference; fileEncoding = 4; lastKnownFileType = sourcecode.c.h; path = ossl_typ.h; sourceTree = "<group>"; };
		7BDF61121ED48ABB00B1B561 /* pem.h */ = {isa = PBXFileReference; fileEncoding = 4; lastKnownFileType = sourcecode.c.h; path = pem.h; sourceTree = "<group>"; };
		7BDF61131ED48ABB00B1B561 /* pem2.h */ = {isa = PBXFileReference; fileEncoding = 4; lastKnownFileType = sourcecode.c.h; path = pem2.h; sourceTree = "<group>"; };
		7BDF61141ED48ABB00B1B561 /* pkcs12.h */ = {isa = PBXFileReference; fileEncoding = 4; lastKnownFileType = sourcecode.c.h; path = pkcs12.h; sourceTree = "<group>"; };
		7BDF61151ED48ABB00B1B561 /* pkcs7.h */ = {isa = PBXFileReference; fileEncoding = 4; lastKnownFileType = sourcecode.c.h; path = pkcs7.h; sourceTree = "<group>"; };
		7BDF61161ED48ABB00B1B561 /* pqueue.h */ = {isa = PBXFileReference; fileEncoding = 4; lastKnownFileType = sourcecode.c.h; path = pqueue.h; sourceTree = "<group>"; };
		7BDF61171ED48ABB00B1B561 /* rand.h */ = {isa = PBXFileReference; fileEncoding = 4; lastKnownFileType = sourcecode.c.h; path = rand.h; sourceTree = "<group>"; };
		7BDF61181ED48ABB00B1B561 /* rc2.h */ = {isa = PBXFileReference; fileEncoding = 4; lastKnownFileType = sourcecode.c.h; path = rc2.h; sourceTree = "<group>"; };
		7BDF61191ED48ABB00B1B561 /* rc4.h */ = {isa = PBXFileReference; fileEncoding = 4; lastKnownFileType = sourcecode.c.h; path = rc4.h; sourceTree = "<group>"; };
		7BDF611A1ED48ABB00B1B561 /* ripemd.h */ = {isa = PBXFileReference; fileEncoding = 4; lastKnownFileType = sourcecode.c.h; path = ripemd.h; sourceTree = "<group>"; };
		7BDF611B1ED48ABB00B1B561 /* rsa.h */ = {isa = PBXFileReference; fileEncoding = 4; lastKnownFileType = sourcecode.c.h; path = rsa.h; sourceTree = "<group>"; };
		7BDF611C1ED48ABB00B1B561 /* rsa.h.bak */ = {isa = PBXFileReference; fileEncoding = 4; lastKnownFileType = text; path = rsa.h.bak; sourceTree = "<group>"; };
		7BDF611D1ED48ABB00B1B561 /* safestack.h */ = {isa = PBXFileReference; fileEncoding = 4; lastKnownFileType = sourcecode.c.h; path = safestack.h; sourceTree = "<group>"; };
		7BDF611E1ED48ABB00B1B561 /* seed.h */ = {isa = PBXFileReference; fileEncoding = 4; lastKnownFileType = sourcecode.c.h; path = seed.h; sourceTree = "<group>"; };
		7BDF611F1ED48ABB00B1B561 /* sha.h */ = {isa = PBXFileReference; fileEncoding = 4; lastKnownFileType = sourcecode.c.h; path = sha.h; sourceTree = "<group>"; };
		7BDF61201ED48ABB00B1B561 /* srp.h */ = {isa = PBXFileReference; fileEncoding = 4; lastKnownFileType = sourcecode.c.h; path = srp.h; sourceTree = "<group>"; };
		7BDF61211ED48ABB00B1B561 /* srtp.h */ = {isa = PBXFileReference; fileEncoding = 4; lastKnownFileType = sourcecode.c.h; path = srtp.h; sourceTree = "<group>"; };
		7BDF61221ED48ABB00B1B561 /* ssl.h */ = {isa = PBXFileReference; fileEncoding = 4; lastKnownFileType = sourcecode.c.h; path = ssl.h; sourceTree = "<group>"; };
		7BDF61231ED48ABB00B1B561 /* ssl2.h */ = {isa = PBXFileReference; fileEncoding = 4; lastKnownFileType = sourcecode.c.h; path = ssl2.h; sourceTree = "<group>"; };
		7BDF61241ED48ABB00B1B561 /* ssl23.h */ = {isa = PBXFileReference; fileEncoding = 4; lastKnownFileType = sourcecode.c.h; path = ssl23.h; sourceTree = "<group>"; };
		7BDF61251ED48ABB00B1B561 /* ssl3.h */ = {isa = PBXFileReference; fileEncoding = 4; lastKnownFileType = sourcecode.c.h; path = ssl3.h; sourceTree = "<group>"; };
		7BDF61261ED48ABB00B1B561 /* stack.h */ = {isa = PBXFileReference; fileEncoding = 4; lastKnownFileType = sourcecode.c.h; path = stack.h; sourceTree = "<group>"; };
		7BDF61271ED48ABB00B1B561 /* symhacks.h */ = {isa = PBXFileReference; fileEncoding = 4; lastKnownFileType = sourcecode.c.h; path = symhacks.h; sourceTree = "<group>"; };
		7BDF61281ED48ABB00B1B561 /* tls1.h */ = {isa = PBXFileReference; fileEncoding = 4; lastKnownFileType = sourcecode.c.h; path = tls1.h; sourceTree = "<group>"; };
		7BDF61291ED48ABB00B1B561 /* ts.h */ = {isa = PBXFileReference; fileEncoding = 4; lastKnownFileType = sourcecode.c.h; path = ts.h; sourceTree = "<group>"; };
		7BDF612A1ED48ABB00B1B561 /* txt_db.h */ = {isa = PBXFileReference; fileEncoding = 4; lastKnownFileType = sourcecode.c.h; path = txt_db.h; sourceTree = "<group>"; };
		7BDF612B1ED48ABB00B1B561 /* ui.h */ = {isa = PBXFileReference; fileEncoding = 4; lastKnownFileType = sourcecode.c.h; path = ui.h; sourceTree = "<group>"; };
		7BDF612C1ED48ABB00B1B561 /* ui_compat.h */ = {isa = PBXFileReference; fileEncoding = 4; lastKnownFileType = sourcecode.c.h; path = ui_compat.h; sourceTree = "<group>"; };
		7BDF612D1ED48ABB00B1B561 /* whrlpool.h */ = {isa = PBXFileReference; fileEncoding = 4; lastKnownFileType = sourcecode.c.h; path = whrlpool.h; sourceTree = "<group>"; };
		7BDF612E1ED48ABB00B1B561 /* x509.h */ = {isa = PBXFileReference; fileEncoding = 4; lastKnownFileType = sourcecode.c.h; path = x509.h; sourceTree = "<group>"; };
		7BDF612F1ED48ABB00B1B561 /* x509_vfy.h */ = {isa = PBXFileReference; fileEncoding = 4; lastKnownFileType = sourcecode.c.h; path = x509_vfy.h; sourceTree = "<group>"; };
		7BDF61301ED48ABB00B1B561 /* x509v3.h */ = {isa = PBXFileReference; fileEncoding = 4; lastKnownFileType = sourcecode.c.h; path = x509v3.h; sourceTree = "<group>"; };
		7BDF61321ED48ABB00B1B561 /* libcrypto.a */ = {isa = PBXFileReference; lastKnownFileType = archive.ar; path = libcrypto.a; sourceTree = "<group>"; };
		7BDF61331ED48ABB00B1B561 /* libssl.a */ = {isa = PBXFileReference; lastKnownFileType = archive.ar; path = libssl.a; sourceTree = "<group>"; };
		7BDF613D1ED48FBA00B1B561 /* CCInitViewController.h */ = {isa = PBXFileReference; fileEncoding = 4; lastKnownFileType = sourcecode.c.h; path = CCInitViewController.h; sourceTree = "<group>"; };
		7BDF613E1ED48FBA00B1B561 /* CCInitViewController.m */ = {isa = PBXFileReference; fileEncoding = 4; lastKnownFileType = sourcecode.c.objc; path = CCInitViewController.m; sourceTree = "<group>"; };
		7BDF613F1ED48FBA00B1B561 /* CCResultViewController.h */ = {isa = PBXFileReference; fileEncoding = 4; lastKnownFileType = sourcecode.c.h; path = CCResultViewController.h; sourceTree = "<group>"; };
		7BDF61401ED48FBA00B1B561 /* CCResultViewController.m */ = {isa = PBXFileReference; fileEncoding = 4; lastKnownFileType = sourcecode.c.objc; path = CCResultViewController.m; sourceTree = "<group>"; };
		7BDF61411ED48FBA00B1B561 /* CCWebViewController.h */ = {isa = PBXFileReference; fileEncoding = 4; lastKnownFileType = sourcecode.c.h; path = CCWebViewController.h; sourceTree = "<group>"; };
		7BDF61421ED48FBA00B1B561 /* CCWebViewController.m */ = {isa = PBXFileReference; fileEncoding = 4; lastKnownFileType = sourcecode.c.objc; path = CCWebViewController.m; sourceTree = "<group>"; };
		7BDF61461ED4AEEB00B1B561 /* Base64.h */ = {isa = PBXFileReference; fileEncoding = 4; lastKnownFileType = sourcecode.c.h; path = Base64.h; sourceTree = "<group>"; };
		7BDF61471ED4AEEB00B1B561 /* Base64.m */ = {isa = PBXFileReference; fileEncoding = 4; lastKnownFileType = sourcecode.c.objc; path = Base64.m; sourceTree = "<group>"; };
		7BDF61481ED4AEEB00B1B561 /* CCTool.h */ = {isa = PBXFileReference; fileEncoding = 4; lastKnownFileType = sourcecode.c.h; path = CCTool.h; sourceTree = "<group>"; };
		7BDF61491ED4AEEB00B1B561 /* CCTool.m */ = {isa = PBXFileReference; fileEncoding = 4; lastKnownFileType = sourcecode.c.objc; path = CCTool.m; sourceTree = "<group>"; };
		96F7D4531E91346D00B23325 /* ShareAnIftar.app */ = {isa = PBXFileReference; explicitFileType = wrapper.application; includeInIndex = 0; path = ShareAnIftar.app; sourceTree = BUILT_PRODUCTS_DIR; };
		96F7D4561E91346D00B23325 /* AppDelegate.swift */ = {isa = PBXFileReference; lastKnownFileType = sourcecode.swift; path = AppDelegate.swift; sourceTree = "<group>"; };
		96F7D4581E91346D00B23325 /* ViewController.swift */ = {isa = PBXFileReference; lastKnownFileType = sourcecode.swift; path = ViewController.swift; sourceTree = "<group>"; };
		96F7D45B1E91346D00B23325 /* Base */ = {isa = PBXFileReference; lastKnownFileType = file.storyboard; name = Base; path = Base.lproj/Main.storyboard; sourceTree = "<group>"; };
		96F7D45D1E91346D00B23325 /* Assets.xcassets */ = {isa = PBXFileReference; lastKnownFileType = folder.assetcatalog; path = Assets.xcassets; sourceTree = "<group>"; };
		96F7D4601E91346D00B23325 /* Base */ = {isa = PBXFileReference; lastKnownFileType = file.storyboard; name = Base; path = Base.lproj/LaunchScreen.storyboard; sourceTree = "<group>"; };
		96F7D4621E91346D00B23325 /* Info.plist */ = {isa = PBXFileReference; lastKnownFileType = text.plist.xml; path = Info.plist; sourceTree = "<group>"; };
		96F7D46D1E9151E000B23325 /* SAIViewController.swift */ = {isa = PBXFileReference; fileEncoding = 4; lastKnownFileType = sourcecode.swift; path = SAIViewController.swift; sourceTree = "<group>"; };
		96F7D4741E990F9600B23325 /* iftar.html */ = {isa = PBXFileReference; fileEncoding = 4; lastKnownFileType = text.html; path = iftar.html; sourceTree = "<group>"; };
		96F7D4761E99119600B23325 /* eidkit.html */ = {isa = PBXFileReference; fileEncoding = 4; lastKnownFileType = text.html; path = eidkit.html; sourceTree = "<group>"; };
		96F7D4771E99119600B23325 /* monthlykits.html */ = {isa = PBXFileReference; fileEncoding = 4; lastKnownFileType = text.html; path = monthlykits.html; sourceTree = "<group>"; };
		D378F5481ED418B100E88E25 /* SAIUserTableViewCell.swift */ = {isa = PBXFileReference; fileEncoding = 4; lastKnownFileType = sourcecode.swift; path = SAIUserTableViewCell.swift; sourceTree = "<group>"; };
		D378F5491ED418B100E88E25 /* SAIUserTableViewCell.xib */ = {isa = PBXFileReference; fileEncoding = 4; lastKnownFileType = file.xib; path = SAIUserTableViewCell.xib; sourceTree = "<group>"; };
		D378F5511ED427D500E88E25 /* IQNSArray+Sort.swift */ = {isa = PBXFileReference; fileEncoding = 4; lastKnownFileType = sourcecode.swift; path = "IQNSArray+Sort.swift"; sourceTree = "<group>"; };
		D378F5521ED427D500E88E25 /* IQUIScrollView+Additions.swift */ = {isa = PBXFileReference; fileEncoding = 4; lastKnownFileType = sourcecode.swift; path = "IQUIScrollView+Additions.swift"; sourceTree = "<group>"; };
		D378F5531ED427D500E88E25 /* IQUITextFieldView+Additions.swift */ = {isa = PBXFileReference; fileEncoding = 4; lastKnownFileType = sourcecode.swift; path = "IQUITextFieldView+Additions.swift"; sourceTree = "<group>"; };
		D378F5541ED427D500E88E25 /* IQUIView+Hierarchy.swift */ = {isa = PBXFileReference; fileEncoding = 4; lastKnownFileType = sourcecode.swift; path = "IQUIView+Hierarchy.swift"; sourceTree = "<group>"; };
		D378F5551ED427D500E88E25 /* IQUIViewController+Additions.swift */ = {isa = PBXFileReference; fileEncoding = 4; lastKnownFileType = sourcecode.swift; path = "IQUIViewController+Additions.swift"; sourceTree = "<group>"; };
		D378F5561ED427D500E88E25 /* IQUIWindow+Hierarchy.swift */ = {isa = PBXFileReference; fileEncoding = 4; lastKnownFileType = sourcecode.swift; path = "IQUIWindow+Hierarchy.swift"; sourceTree = "<group>"; };
		D378F5581ED427D500E88E25 /* IQKeyboardManagerConstants.swift */ = {isa = PBXFileReference; fileEncoding = 4; lastKnownFileType = sourcecode.swift; path = IQKeyboardManagerConstants.swift; sourceTree = "<group>"; };
		D378F5591ED427D500E88E25 /* IQKeyboardManagerConstantsInternal.swift */ = {isa = PBXFileReference; fileEncoding = 4; lastKnownFileType = sourcecode.swift; path = IQKeyboardManagerConstantsInternal.swift; sourceTree = "<group>"; };
		D378F55A1ED427D500E88E25 /* IQKeyboardManager.swift */ = {isa = PBXFileReference; fileEncoding = 4; lastKnownFileType = sourcecode.swift; path = IQKeyboardManager.swift; sourceTree = "<group>"; };
		D378F55B1ED427D500E88E25 /* IQKeyboardManagerSwift.h */ = {isa = PBXFileReference; fileEncoding = 4; lastKnownFileType = sourcecode.c.h; path = IQKeyboardManagerSwift.h; sourceTree = "<group>"; };
		D378F55C1ED427D500E88E25 /* IQKeyboardReturnKeyHandler.swift */ = {isa = PBXFileReference; fileEncoding = 4; lastKnownFileType = sourcecode.swift; path = IQKeyboardReturnKeyHandler.swift; sourceTree = "<group>"; };
		D378F55E1ED427D500E88E25 /* IQTextView.swift */ = {isa = PBXFileReference; fileEncoding = 4; lastKnownFileType = sourcecode.swift; path = IQTextView.swift; sourceTree = "<group>"; };
		D378F5601ED427D500E88E25 /* IQBarButtonItem.swift */ = {isa = PBXFileReference; fileEncoding = 4; lastKnownFileType = sourcecode.swift; path = IQBarButtonItem.swift; sourceTree = "<group>"; };
		D378F5611ED427D500E88E25 /* IQPreviousNextView.swift */ = {isa = PBXFileReference; fileEncoding = 4; lastKnownFileType = sourcecode.swift; path = IQPreviousNextView.swift; sourceTree = "<group>"; };
		D378F5621ED427D500E88E25 /* IQTitleBarButtonItem.swift */ = {isa = PBXFileReference; fileEncoding = 4; lastKnownFileType = sourcecode.swift; path = IQTitleBarButtonItem.swift; sourceTree = "<group>"; };
		D378F5631ED427D500E88E25 /* IQToolbar.swift */ = {isa = PBXFileReference; fileEncoding = 4; lastKnownFileType = sourcecode.swift; path = IQToolbar.swift; sourceTree = "<group>"; };
		D378F5641ED427D500E88E25 /* IQUIView+IQKeyboardToolbar.swift */ = {isa = PBXFileReference; fileEncoding = 4; lastKnownFileType = sourcecode.swift; path = "IQUIView+IQKeyboardToolbar.swift"; sourceTree = "<group>"; };
		D378F5661ED427D500E88E25 /* IQKeyboardManager.bundle */ = {isa = PBXFileReference; lastKnownFileType = "wrapper.plug-in"; path = IQKeyboardManager.bundle; sourceTree = "<group>"; };
		D3A0E7D81E94C95E00FB26C6 /* SAITabBarController.swift */ = {isa = PBXFileReference; fileEncoding = 4; lastKnownFileType = sourcecode.swift; path = SAITabBarController.swift; sourceTree = "<group>"; };
		D3A0E7EA1E950BE100FB26C6 /* SAIEidViewController.swift */ = {isa = PBXFileReference; fileEncoding = 4; lastKnownFileType = sourcecode.swift; path = SAIEidViewController.swift; sourceTree = "<group>"; };
		D3A0E7EC1E950BF500FB26C6 /* SAIHomeScreenViewController.swift */ = {isa = PBXFileReference; fileEncoding = 4; lastKnownFileType = sourcecode.swift; path = SAIHomeScreenViewController.swift; sourceTree = "<group>"; };
		D3A0E7EE1E950C0700FB26C6 /* SAIIftarViewController.swift */ = {isa = PBXFileReference; fileEncoding = 4; lastKnownFileType = sourcecode.swift; path = SAIIftarViewController.swift; sourceTree = "<group>"; };
		D3A0E7F01E950C1600FB26C6 /* SAIMonthlyViewController.swift */ = {isa = PBXFileReference; fileEncoding = 4; lastKnownFileType = sourcecode.swift; path = SAIMonthlyViewController.swift; sourceTree = "<group>"; };
		D3A0E7F51E951A5900FB26C6 /* ShareAnIftar-Bridging-Header.h */ = {isa = PBXFileReference; lastKnownFileType = sourcecode.c.h; path = "ShareAnIftar-Bridging-Header.h"; sourceTree = "<group>"; };
		D3A0E7F61E951A5A00FB26C6 /* SWRevealViewController.h */ = {isa = PBXFileReference; fileEncoding = 4; lastKnownFileType = sourcecode.c.h; path = SWRevealViewController.h; sourceTree = "<group>"; };
		D3A0E7F71E951A5A00FB26C6 /* SWRevealViewController.m */ = {isa = PBXFileReference; fileEncoding = 4; lastKnownFileType = sourcecode.c.objc; path = SWRevealViewController.m; sourceTree = "<group>"; };
		D3A0E7F91E95276900FB26C6 /* SAIRevealViewController.swift */ = {isa = PBXFileReference; fileEncoding = 4; lastKnownFileType = sourcecode.swift; path = SAIRevealViewController.swift; sourceTree = "<group>"; };
		D3A0E7FB1E9527EF00FB26C6 /* SAISideMenuTableViewController.swift */ = {isa = PBXFileReference; fileEncoding = 4; lastKnownFileType = sourcecode.swift; path = SAISideMenuTableViewController.swift; sourceTree = "<group>"; };
		D3A0E7FE1E953A0600FB26C6 /* SAIConstants.swift */ = {isa = PBXFileReference; fileEncoding = 4; lastKnownFileType = sourcecode.swift; path = SAIConstants.swift; sourceTree = "<group>"; };
		D3A0E8011E96432D00FB26C6 /* SAIIftarDonateViewController.swift */ = {isa = PBXFileReference; fileEncoding = 4; lastKnownFileType = sourcecode.swift; path = SAIIftarDonateViewController.swift; sourceTree = "<group>"; };
		D3A0E8071E978CD800FB26C6 /* SAIFundViewController.swift */ = {isa = PBXFileReference; fileEncoding = 4; lastKnownFileType = sourcecode.swift; path = SAIFundViewController.swift; sourceTree = "<group>"; };
		D3A0E80B1E978D5900FB26C6 /* SAIGemViewController.swift */ = {isa = PBXFileReference; fileEncoding = 4; lastKnownFileType = sourcecode.swift; path = SAIGemViewController.swift; sourceTree = "<group>"; };
		D3A0E80D1E978D6900FB26C6 /* SAIVideoViewController.swift */ = {isa = PBXFileReference; fileEncoding = 4; lastKnownFileType = sourcecode.swift; path = SAIVideoViewController.swift; sourceTree = "<group>"; };
		D3A0E83C1E9A358E00FB26C6 /* KCFABManager.swift */ = {isa = PBXFileReference; fileEncoding = 4; lastKnownFileType = sourcecode.swift; path = KCFABManager.swift; sourceTree = "<group>"; };
		D3A0E83D1E9A358E00FB26C6 /* KCFABViewController.swift */ = {isa = PBXFileReference; fileEncoding = 4; lastKnownFileType = sourcecode.swift; path = KCFABViewController.swift; sourceTree = "<group>"; };
		D3A0E83E1E9A358E00FB26C6 /* KCFABWindow.swift */ = {isa = PBXFileReference; fileEncoding = 4; lastKnownFileType = sourcecode.swift; path = KCFABWindow.swift; sourceTree = "<group>"; };
		D3A0E83F1E9A358E00FB26C6 /* KCFloatingActionButton.h */ = {isa = PBXFileReference; fileEncoding = 4; lastKnownFileType = sourcecode.c.h; path = KCFloatingActionButton.h; sourceTree = "<group>"; };
		D3A0E8401E9A358E00FB26C6 /* KCFloatingActionButton.swift */ = {isa = PBXFileReference; fileEncoding = 4; lastKnownFileType = sourcecode.swift; path = KCFloatingActionButton.swift; sourceTree = "<group>"; };
		D3A0E8411E9A358E00FB26C6 /* KCFloatingActionButtonDelegate.swift */ = {isa = PBXFileReference; fileEncoding = 4; lastKnownFileType = sourcecode.swift; path = KCFloatingActionButtonDelegate.swift; sourceTree = "<group>"; };
		D3A0E8421E9A358E00FB26C6 /* KCFloatingActionButtonItem.swift */ = {isa = PBXFileReference; fileEncoding = 4; lastKnownFileType = sourcecode.swift; path = KCFloatingActionButtonItem.swift; sourceTree = "<group>"; };
/* End PBXFileReference section */

/* Begin PBXFrameworksBuildPhase section */
		96F7D4501E91346D00B23325 /* Frameworks */ = {
			isa = PBXFrameworksBuildPhase;
			buildActionMask = 2147483647;
			files = (
				7B73DD941ED971FD001A6AB9 /* CFNetwork.framework in Frameworks */,
				7B73DD921ED96E08001A6AB9 /* WebKit.framework in Frameworks */,
				7BDF61361ED48ABB00B1B561 /* libssl.a in Frameworks */,
				7BDF61351ED48ABB00B1B561 /* libcrypto.a in Frameworks */,
			);
			runOnlyForDeploymentPostprocessing = 0;
		};
/* End PBXFrameworksBuildPhase section */

/* Begin PBXGroup section */
		7B73DD8D1ED94F94001A6AB9 /* New Video */ = {
			isa = PBXGroup;
			children = (
				7B73DD8E1ED94FAF001A6AB9 /* SAINewVideoTableViewController.swift */,
			);
			path = "New Video";
			sourceTree = "<group>";
		};
		7B73DD901ED96E08001A6AB9 /* Frameworks */ = {
			isa = PBXGroup;
			children = (
				7B73DD931ED971FD001A6AB9 /* CFNetwork.framework */,
				7B73DD911ED96E08001A6AB9 /* WebKit.framework */,
			);
			name = Frameworks;
			sourceTree = "<group>";
		};
		7B8982EB1ED077BC00B01B19 /* Login Page */ = {
			isa = PBXGroup;
			children = (
				7B8982EC1ED077D300B01B19 /* SAILoginViewController.swift */,
				7B8982EE1ED086A200B01B19 /* SAIOTPViewController.swift */,
			);
			path = "Login Page";
			sourceTree = "<group>";
		};
		7B8982F41ED176D600B01B19 /* Dua Cell */ = {
			isa = PBXGroup;
			children = (
				7B8982F61ED176FE00B01B19 /* SAIDuaTableViewCell.swift */,
				7B8982F71ED176FE00B01B19 /* SAIDuaTableViewCell.xib */,
			);
			path = "Dua Cell";
			sourceTree = "<group>";
		};
		7B8982F51ED176D600B01B19 /* Hadith Cell */ = {
			isa = PBXGroup;
			children = (
				7B8982FA1ED17D5600B01B19 /* SAIHadithTableViewCell.swift */,
				7B8982FB1ED17D5600B01B19 /* SAIHadithTableViewCell.xib */,
			);
			path = "Hadith Cell";
			sourceTree = "<group>";
		};
		7B8982FE1ED18FB100B01B19 /* Promoters */ = {
			isa = PBXGroup;
			children = (
				7B8982FF1ED18FCA00B01B19 /* SAIPromotersViewController.swift */,
			);
			path = Promoters;
			sourceTree = "<group>";
		};
		7B8983011ED19AF000B01B19 /* Initiatives */ = {
			isa = PBXGroup;
			children = (
				7B8983081ED1A4C100B01B19 /* Cell */,
				7B8983061ED1A47300B01B19 /* SAIInitiativesViewController.swift */,
				7B89830D1ED1A95D00B01B19 /* SAICompanyViewController.swift */,
			);
			path = Initiatives;
			sourceTree = "<group>";
		};
		7B8983081ED1A4C100B01B19 /* Cell */ = {
			isa = PBXGroup;
			children = (
				7B8983091ED1A4D700B01B19 /* SAIInitiativesTableViewCell.swift */,
				7B89830A1ED1A4D700B01B19 /* SAIInitiativesTableViewCell.xib */,
			);
			path = Cell;
			sourceTree = "<group>";
		};
		7B89830F1ED1BBE600B01B19 /* User Profile */ = {
			isa = PBXGroup;
			children = (
				D378F5471ED4189400E88E25 /* Cell */,
				7B8983101ED1BBF400B01B19 /* SAIUserProfileViewController.swift */,
			);
			path = "User Profile";
			sourceTree = "<group>";
		};
		7B8983131ED1C95E00B01B19 /* About */ = {
			isa = PBXGroup;
			children = (
				7B8983141ED1C97300B01B19 /* SAIAboutViewController.swift */,
			);
			path = About;
			sourceTree = "<group>";
		};
		7BC0FC161ED31992008E845D /* PK HUD */ = {
			isa = PBXGroup;
			children = (
				7BC0FC171ED319A7008E845D /* FrameView.swift */,
				7BC0FC181ED319A7008E845D /* HUD.swift */,
				7BC0FC191ED319A7008E845D /* PKHUD.h */,
				7BC0FC1A1ED319A7008E845D /* PKHUD.swift */,
				7BC0FC1B1ED319A7008E845D /* PKHUDAnimating.swift */,
				7BC0FC1C1ED319A7008E845D /* PKHUDAnimation.swift */,
				7BC0FC1D1ED319A7008E845D /* PKHUDAssets.swift */,
				7BC0FC1E1ED319A7008E845D /* PKHUDErrorView.swift */,
				7BC0FC1F1ED319A7008E845D /* PKHUDProgressView.swift */,
				7BC0FC201ED319A7008E845D /* PKHUDRotatingImageView.swift */,
				7BC0FC211ED319A7008E845D /* PKHUDSquareBaseView.swift */,
				7BC0FC221ED319A7008E845D /* PKHUDSuccessView.swift */,
				7BC0FC231ED319A7008E845D /* PKHUDSystemActivityIndicatorView.swift */,
				7BC0FC241ED319A7008E845D /* PKHUDTextView.swift */,
				7BC0FC251ED319A7008E845D /* PKHUDWideBaseView.swift */,
				7BC0FC261ED319A7008E845D /* PKImages.xcassets */,
				7BC0FC271ED319A7008E845D /* Window.swift */,
				7BC0FC281ED319A7008E845D /* WindowRootViewController.swift */,
			);
			path = "PK HUD";
			sourceTree = "<group>";
		};
		7BDF60DE1ED48A7700B1B561 /* Payment */ = {
			isa = PBXGroup;
			children = (
				7BDF61461ED4AEEB00B1B561 /* Base64.h */,
				7BDF61471ED4AEEB00B1B561 /* Base64.m */,
				7BDF61481ED4AEEB00B1B561 /* CCTool.h */,
				7BDF61491ED4AEEB00B1B561 /* CCTool.m */,
				7BDF613D1ED48FBA00B1B561 /* CCInitViewController.h */,
				7BDF613E1ED48FBA00B1B561 /* CCInitViewController.m */,
				7BDF613F1ED48FBA00B1B561 /* CCResultViewController.h */,
				7BDF61401ED48FBA00B1B561 /* CCResultViewController.m */,
				7BDF61411ED48FBA00B1B561 /* CCWebViewController.h */,
				7BDF61421ED48FBA00B1B561 /* CCWebViewController.m */,
				7BDF60E31ED48ABB00B1B561 /* include */,
				7BDF61311ED48ABB00B1B561 /* lib */,
			);
			path = Payment;
			sourceTree = "<group>";
		};
		7BDF60E31ED48ABB00B1B561 /* include */ = {
			isa = PBXGroup;
			children = (
				7BDF60E41ED48ABB00B1B561 /* openssl */,
			);
			path = include;
			sourceTree = "<group>";
		};
		7BDF60E41ED48ABB00B1B561 /* openssl */ = {
			isa = PBXGroup;
			children = (
				7BDF60E51ED48ABB00B1B561 /* aes.h */,
				7BDF60E61ED48ABB00B1B561 /* asn1.h */,
				7BDF60E71ED48ABB00B1B561 /* asn1_mac.h */,
				7BDF60E81ED48ABB00B1B561 /* asn1t.h */,
				7BDF60E91ED48ABB00B1B561 /* bio.h */,
				7BDF60EA1ED48ABB00B1B561 /* blowfish.h */,
				7BDF60EB1ED48ABB00B1B561 /* bn.h */,
				7BDF60EC1ED48ABB00B1B561 /* buffer.h */,
				7BDF60ED1ED48ABB00B1B561 /* camellia.h */,
				7BDF60EE1ED48ABB00B1B561 /* cast.h */,
				7BDF60EF1ED48ABB00B1B561 /* cmac.h */,
				7BDF60F01ED48ABB00B1B561 /* cms.h */,
				7BDF60F11ED48ABB00B1B561 /* comp.h */,
				7BDF60F21ED48ABB00B1B561 /* conf.h */,
				7BDF60F31ED48ABB00B1B561 /* conf_api.h */,
				7BDF60F41ED48ABB00B1B561 /* crypto.h */,
				7BDF60F51ED48ABB00B1B561 /* des.h */,
				7BDF60F61ED48ABB00B1B561 /* des_old.h */,
				7BDF60F71ED48ABB00B1B561 /* dh.h */,
				7BDF60F81ED48ABB00B1B561 /* dsa.h */,
				7BDF60F91ED48ABB00B1B561 /* dso.h */,
				7BDF60FA1ED48ABB00B1B561 /* dtls1.h */,
				7BDF60FB1ED48ABB00B1B561 /* e_os2.h */,
				7BDF60FC1ED48ABB00B1B561 /* ebcdic.h */,
				7BDF60FD1ED48ABB00B1B561 /* ec.h */,
				7BDF60FE1ED48ABB00B1B561 /* ecdh.h */,
				7BDF60FF1ED48ABB00B1B561 /* ecdsa.h */,
				7BDF61001ED48ABB00B1B561 /* engine.h */,
				7BDF61011ED48ABB00B1B561 /* err.h */,
				7BDF61021ED48ABB00B1B561 /* evp.h */,
				7BDF61031ED48ABB00B1B561 /* hmac.h */,
				7BDF61041ED48ABB00B1B561 /* idea.h */,
				7BDF61051ED48ABB00B1B561 /* krb5_asn.h */,
				7BDF61061ED48ABB00B1B561 /* kssl.h */,
				7BDF61071ED48ABB00B1B561 /* lhash.h */,
				7BDF61081ED48ABB00B1B561 /* md4.h */,
				7BDF61091ED48ABB00B1B561 /* md5.h */,
				7BDF610A1ED48ABB00B1B561 /* mdc2.h */,
				7BDF610B1ED48ABB00B1B561 /* modes.h */,
				7BDF610C1ED48ABB00B1B561 /* obj_mac.h */,
				7BDF610D1ED48ABB00B1B561 /* objects.h */,
				7BDF610E1ED48ABB00B1B561 /* ocsp.h */,
				7BDF610F1ED48ABB00B1B561 /* opensslconf.h */,
				7BDF61101ED48ABB00B1B561 /* opensslv.h */,
				7BDF61111ED48ABB00B1B561 /* ossl_typ.h */,
				7BDF61121ED48ABB00B1B561 /* pem.h */,
				7BDF61131ED48ABB00B1B561 /* pem2.h */,
				7BDF61141ED48ABB00B1B561 /* pkcs12.h */,
				7BDF61151ED48ABB00B1B561 /* pkcs7.h */,
				7BDF61161ED48ABB00B1B561 /* pqueue.h */,
				7BDF61171ED48ABB00B1B561 /* rand.h */,
				7BDF61181ED48ABB00B1B561 /* rc2.h */,
				7BDF61191ED48ABB00B1B561 /* rc4.h */,
				7BDF611A1ED48ABB00B1B561 /* ripemd.h */,
				7BDF611B1ED48ABB00B1B561 /* rsa.h */,
				7BDF611C1ED48ABB00B1B561 /* rsa.h.bak */,
				7BDF611D1ED48ABB00B1B561 /* safestack.h */,
				7BDF611E1ED48ABB00B1B561 /* seed.h */,
				7BDF611F1ED48ABB00B1B561 /* sha.h */,
				7BDF61201ED48ABB00B1B561 /* srp.h */,
				7BDF61211ED48ABB00B1B561 /* srtp.h */,
				7BDF61221ED48ABB00B1B561 /* ssl.h */,
				7BDF61231ED48ABB00B1B561 /* ssl2.h */,
				7BDF61241ED48ABB00B1B561 /* ssl23.h */,
				7BDF61251ED48ABB00B1B561 /* ssl3.h */,
				7BDF61261ED48ABB00B1B561 /* stack.h */,
				7BDF61271ED48ABB00B1B561 /* symhacks.h */,
				7BDF61281ED48ABB00B1B561 /* tls1.h */,
				7BDF61291ED48ABB00B1B561 /* ts.h */,
				7BDF612A1ED48ABB00B1B561 /* txt_db.h */,
				7BDF612B1ED48ABB00B1B561 /* ui.h */,
				7BDF612C1ED48ABB00B1B561 /* ui_compat.h */,
				7BDF612D1ED48ABB00B1B561 /* whrlpool.h */,
				7BDF612E1ED48ABB00B1B561 /* x509.h */,
				7BDF612F1ED48ABB00B1B561 /* x509_vfy.h */,
				7BDF61301ED48ABB00B1B561 /* x509v3.h */,
			);
			path = openssl;
			sourceTree = "<group>";
		};
		7BDF61311ED48ABB00B1B561 /* lib */ = {
			isa = PBXGroup;
			children = (
				7BDF61321ED48ABB00B1B561 /* libcrypto.a */,
				7BDF61331ED48ABB00B1B561 /* libssl.a */,
			);
			path = lib;
			sourceTree = "<group>";
		};
		96F7D44A1E91346D00B23325 = {
			isa = PBXGroup;
			children = (
				96F7D4551E91346D00B23325 /* ShareAnIftar */,
				96F7D4541E91346D00B23325 /* Products */,
				7B73DD901ED96E08001A6AB9 /* Frameworks */,
			);
			sourceTree = "<group>";
		};
		96F7D4541E91346D00B23325 /* Products */ = {
			isa = PBXGroup;
			children = (
				96F7D4531E91346D00B23325 /* ShareAnIftar.app */,
			);
			name = Products;
			sourceTree = "<group>";
		};
		96F7D4551E91346D00B23325 /* ShareAnIftar */ = {
			isa = PBXGroup;
			children = (
				D3A0E7F21E9519F100FB26C6 /* ExternalLibs */,
				96F7D4691E91510D00B23325 /* Modules */,
				96F7D4681E9150F200B23325 /* Service Manager */,
				96F7D4561E91346D00B23325 /* AppDelegate.swift */,
				96F7D4581E91346D00B23325 /* ViewController.swift */,
				96F7D45A1E91346D00B23325 /* Main.storyboard */,
				96F7D45D1E91346D00B23325 /* Assets.xcassets */,
				96F7D45F1E91346D00B23325 /* LaunchScreen.storyboard */,
				96F7D4621E91346D00B23325 /* Info.plist */,
			);
			path = ShareAnIftar;
			sourceTree = "<group>";
		};
		96F7D4681E9150F200B23325 /* Service Manager */ = {
			isa = PBXGroup;
			children = (
				7B6E434C1E9A830E00AB15D0 /* SIAHTTPMethod.swift */,
				7B6E434A1E9A82DC00AB15D0 /* SIARequestProtocol.swift */,
				7B6E434E1E9A8B0D00AB15D0 /* SIANetworkRequest.swift */,
				7BA55E2D1ECE0B1C00A3052A /* SIATransactionManager.swift */,
				7B6E43501E9A98C400AB15D0 /* SIANetworkService.swift */,
				7BA55E2B1ECE088E00A3052A /* Services.plist */,
			);
			path = "Service Manager";
			sourceTree = "<group>";
		};
		96F7D4691E91510D00B23325 /* Modules */ = {
			isa = PBXGroup;
			children = (
				7B89830F1ED1BBE600B01B19 /* User Profile */,
				7B8982EB1ED077BC00B01B19 /* Login Page */,
				D3A0E8031E97719300FB26C6 /* Side Panel View Controllers */,
				D3A0E7FD1E9539ED00FB26C6 /* Constants */,
				D3A0E7E51E950B9600FB26C6 /* Landing Page */,
				96F7D46C1E91515E00B23325 /* Base */,
			);
			path = Modules;
			sourceTree = "<group>";
		};
		96F7D46C1E91515E00B23325 /* Base */ = {
			isa = PBXGroup;
			children = (
				96F7D46D1E9151E000B23325 /* SAIViewController.swift */,
				D3A0E7D81E94C95E00FB26C6 /* SAITabBarController.swift */,
				7B73DD951EDF0D84001A6AB9 /* SAISplashScreenViewController.swift */,
			);
			path = Base;
			sourceTree = "<group>";
		};
		96F7D4711E990A0F00B23325 /* HTML Pages */ = {
			isa = PBXGroup;
			children = (
				7B73DD8B1ED57E24001A6AB9 /* iftar2.html */,
				7BC0FC3A1ED3360A008E845D /* about1.html */,
				7BC0FC3B1ED3360A008E845D /* eidkit1.html */,
				7BC0FC3C1ED3360A008E845D /* iftar1.html */,
				7BC0FC3D1ED3360A008E845D /* ramadankit1.html */,
				7B8983161ED1D00000B01B19 /* about.html */,
				96F7D4761E99119600B23325 /* eidkit.html */,
				96F7D4771E99119600B23325 /* monthlykits.html */,
				96F7D4741E990F9600B23325 /* iftar.html */,
			);
			path = "HTML Pages";
			sourceTree = "<group>";
		};
		D378F5471ED4189400E88E25 /* Cell */ = {
			isa = PBXGroup;
			children = (
				D378F5481ED418B100E88E25 /* SAIUserTableViewCell.swift */,
				D378F5491ED418B100E88E25 /* SAIUserTableViewCell.xib */,
			);
			path = Cell;
			sourceTree = "<group>";
		};
		D378F54C1ED4277D00E88E25 /* Keyboard */ = {
			isa = PBXGroup;
			children = (
				D378F54F1ED427D500E88E25 /* IQKeyboardManagerSwift */,
			);
			path = Keyboard;
			sourceTree = "<group>";
		};
		D378F54F1ED427D500E88E25 /* IQKeyboardManagerSwift */ = {
			isa = PBXGroup;
			children = (
				D378F5501ED427D500E88E25 /* Categories */,
				D378F5571ED427D500E88E25 /* Constants */,
				D378F55A1ED427D500E88E25 /* IQKeyboardManager.swift */,
				D378F55B1ED427D500E88E25 /* IQKeyboardManagerSwift.h */,
				D378F55C1ED427D500E88E25 /* IQKeyboardReturnKeyHandler.swift */,
				D378F55D1ED427D500E88E25 /* IQTextView */,
				D378F55F1ED427D500E88E25 /* IQToolbar */,
				D378F5651ED427D500E88E25 /* Resources */,
			);
			path = IQKeyboardManagerSwift;
			sourceTree = "<group>";
		};
		D378F5501ED427D500E88E25 /* Categories */ = {
			isa = PBXGroup;
			children = (
				D378F5511ED427D500E88E25 /* IQNSArray+Sort.swift */,
				D378F5521ED427D500E88E25 /* IQUIScrollView+Additions.swift */,
				D378F5531ED427D500E88E25 /* IQUITextFieldView+Additions.swift */,
				D378F5541ED427D500E88E25 /* IQUIView+Hierarchy.swift */,
				D378F5551ED427D500E88E25 /* IQUIViewController+Additions.swift */,
				D378F5561ED427D500E88E25 /* IQUIWindow+Hierarchy.swift */,
			);
			path = Categories;
			sourceTree = "<group>";
		};
		D378F5571ED427D500E88E25 /* Constants */ = {
			isa = PBXGroup;
			children = (
				D378F5581ED427D500E88E25 /* IQKeyboardManagerConstants.swift */,
				D378F5591ED427D500E88E25 /* IQKeyboardManagerConstantsInternal.swift */,
			);
			path = Constants;
			sourceTree = "<group>";
		};
		D378F55D1ED427D500E88E25 /* IQTextView */ = {
			isa = PBXGroup;
			children = (
				D378F55E1ED427D500E88E25 /* IQTextView.swift */,
			);
			path = IQTextView;
			sourceTree = "<group>";
		};
		D378F55F1ED427D500E88E25 /* IQToolbar */ = {
			isa = PBXGroup;
			children = (
				D378F5601ED427D500E88E25 /* IQBarButtonItem.swift */,
				D378F5611ED427D500E88E25 /* IQPreviousNextView.swift */,
				D378F5621ED427D500E88E25 /* IQTitleBarButtonItem.swift */,
				D378F5631ED427D500E88E25 /* IQToolbar.swift */,
				D378F5641ED427D500E88E25 /* IQUIView+IQKeyboardToolbar.swift */,
			);
			path = IQToolbar;
			sourceTree = "<group>";
		};
		D378F5651ED427D500E88E25 /* Resources */ = {
			isa = PBXGroup;
			children = (
				D378F5661ED427D500E88E25 /* IQKeyboardManager.bundle */,
			);
			path = Resources;
			sourceTree = "<group>";
		};
		D3A0E7E51E950B9600FB26C6 /* Landing Page */ = {
			isa = PBXGroup;
			children = (
				96F7D4711E990A0F00B23325 /* HTML Pages */,
				D3A0E7E61E950BC700FB26C6 /* Eid */,
				D3A0E7E71E950BC700FB26C6 /* Home Screen */,
				D3A0E7E81E950BC700FB26C6 /* Iftar */,
				D3A0E7E91E950BC700FB26C6 /* Monthly */,
			);
			path = "Landing Page";
			sourceTree = "<group>";
		};
		D3A0E7E61E950BC700FB26C6 /* Eid */ = {
			isa = PBXGroup;
			children = (
				D3A0E7EA1E950BE100FB26C6 /* SAIEidViewController.swift */,
				7B73DD971EDF17E0001A6AB9 /* SAIEidDonateViewController.swift */,
			);
			path = Eid;
			sourceTree = "<group>";
		};
		D3A0E7E71E950BC700FB26C6 /* Home Screen */ = {
			isa = PBXGroup;
			children = (
				D3A0E7EC1E950BF500FB26C6 /* SAIHomeScreenViewController.swift */,
			);
			path = "Home Screen";
			sourceTree = "<group>";
		};
		D3A0E7E81E950BC700FB26C6 /* Iftar */ = {
			isa = PBXGroup;
			children = (
				D3A0E8001E96430C00FB26C6 /* Donate */,
				D3A0E7EE1E950C0700FB26C6 /* SAIIftarViewController.swift */,
			);
			path = Iftar;
			sourceTree = "<group>";
		};
		D3A0E7E91E950BC700FB26C6 /* Monthly */ = {
			isa = PBXGroup;
			children = (
				D3A0E7F01E950C1600FB26C6 /* SAIMonthlyViewController.swift */,
				7B73DD991EE08624001A6AB9 /* SAIMonthlyDonateViewController.swift */,
			);
			path = Monthly;
			sourceTree = "<group>";
		};
		D3A0E7F21E9519F100FB26C6 /* ExternalLibs */ = {
			isa = PBXGroup;
			children = (
				7BDF60DE1ED48A7700B1B561 /* Payment */,
				D378F54C1ED4277D00E88E25 /* Keyboard */,
				7BC0FC161ED31992008E845D /* PK HUD */,
				D3A0E83B1E9A355400FB26C6 /* Floating Button */,
				D3A0E7F31E951A1400FB26C6 /* Side Menu */,
			);
			path = ExternalLibs;
			sourceTree = "<group>";
		};
		D3A0E7F31E951A1400FB26C6 /* Side Menu */ = {
			isa = PBXGroup;
			children = (
				D3A0E7F41E951A2700FB26C6 /* SWReveal */,
			);
			path = "Side Menu";
			sourceTree = "<group>";
		};
		D3A0E7F41E951A2700FB26C6 /* SWReveal */ = {
			isa = PBXGroup;
			children = (
				D3A0E7F61E951A5A00FB26C6 /* SWRevealViewController.h */,
				D3A0E7F71E951A5A00FB26C6 /* SWRevealViewController.m */,
				D3A0E7F51E951A5900FB26C6 /* ShareAnIftar-Bridging-Header.h */,
				D3A0E7F91E95276900FB26C6 /* SAIRevealViewController.swift */,
				D3A0E7FB1E9527EF00FB26C6 /* SAISideMenuTableViewController.swift */,
			);
			path = SWReveal;
			sourceTree = "<group>";
		};
		D3A0E7FD1E9539ED00FB26C6 /* Constants */ = {
			isa = PBXGroup;
			children = (
				D3A0E7FE1E953A0600FB26C6 /* SAIConstants.swift */,
			);
			path = Constants;
			sourceTree = "<group>";
		};
		D3A0E8001E96430C00FB26C6 /* Donate */ = {
			isa = PBXGroup;
			children = (
				D3A0E8011E96432D00FB26C6 /* SAIIftarDonateViewController.swift */,
			);
			path = Donate;
			sourceTree = "<group>";
		};
		D3A0E8031E97719300FB26C6 /* Side Panel View Controllers */ = {
			isa = PBXGroup;
			children = (
				7B8983131ED1C95E00B01B19 /* About */,
				7B8983011ED19AF000B01B19 /* Initiatives */,
				7B8982FE1ED18FB100B01B19 /* Promoters */,
				D3A0E80A1E978D4700FB26C6 /* Video */,
				D3A0E8091E978D2F00FB26C6 /* Gem */,
				D3A0E8061E978CAA00FB26C6 /* Fund */,
			);
			path = "Side Panel View Controllers";
			sourceTree = "<group>";
		};
		D3A0E8061E978CAA00FB26C6 /* Fund */ = {
			isa = PBXGroup;
			children = (
				D3A0E8071E978CD800FB26C6 /* SAIFundViewController.swift */,
			);
			path = Fund;
			sourceTree = "<group>";
		};
		D3A0E8091E978D2F00FB26C6 /* Gem */ = {
			isa = PBXGroup;
			children = (
				7B8982F41ED176D600B01B19 /* Dua Cell */,
				7B8982F51ED176D600B01B19 /* Hadith Cell */,
				D3A0E80B1E978D5900FB26C6 /* SAIGemViewController.swift */,
				7B8982F01ED16F6C00B01B19 /* SAIHadithViewController.swift */,
				7B8982F21ED16F8000B01B19 /* SAIDuaViewController.swift */,
			);
			path = Gem;
			sourceTree = "<group>";
		};
		D3A0E80A1E978D4700FB26C6 /* Video */ = {
			isa = PBXGroup;
			children = (
				7B73DD8D1ED94F94001A6AB9 /* New Video */,
				D3A0E80D1E978D6900FB26C6 /* SAIVideoViewController.swift */,
			);
			path = Video;
			sourceTree = "<group>";
		};
		D3A0E83B1E9A355400FB26C6 /* Floating Button */ = {
			isa = PBXGroup;
			children = (
				D3A0E83C1E9A358E00FB26C6 /* KCFABManager.swift */,
				D3A0E83D1E9A358E00FB26C6 /* KCFABViewController.swift */,
				D3A0E83E1E9A358E00FB26C6 /* KCFABWindow.swift */,
				D3A0E83F1E9A358E00FB26C6 /* KCFloatingActionButton.h */,
				D3A0E8401E9A358E00FB26C6 /* KCFloatingActionButton.swift */,
				D3A0E8411E9A358E00FB26C6 /* KCFloatingActionButtonDelegate.swift */,
				D3A0E8421E9A358E00FB26C6 /* KCFloatingActionButtonItem.swift */,
			);
			path = "Floating Button";
			sourceTree = "<group>";
		};
/* End PBXGroup section */

/* Begin PBXNativeTarget section */
		96F7D4521E91346D00B23325 /* ShareAnIftar */ = {
			isa = PBXNativeTarget;
			buildConfigurationList = 96F7D4651E91346D00B23325 /* Build configuration list for PBXNativeTarget "ShareAnIftar" */;
			buildPhases = (
				96F7D44F1E91346D00B23325 /* Sources */,
				96F7D4501E91346D00B23325 /* Frameworks */,
				96F7D4511E91346D00B23325 /* Resources */,
			);
			buildRules = (
			);
			dependencies = (
			);
			name = ShareAnIftar;
			productName = ShareAnIftar;
			productReference = 96F7D4531E91346D00B23325 /* ShareAnIftar.app */;
			productType = "com.apple.product-type.application";
		};
/* End PBXNativeTarget section */

/* Begin PBXProject section */
		96F7D44B1E91346D00B23325 /* Project object */ = {
			isa = PBXProject;
			attributes = {
				LastSwiftUpdateCheck = 0820;
				LastUpgradeCheck = 0820;
				ORGANIZATIONNAME = QBS;
				TargetAttributes = {
					96F7D4521E91346D00B23325 = {
						CreatedOnToolsVersion = 8.2.1;
						DevelopmentTeam = 7NAZG4PL36;
						LastSwiftMigration = 0820;
						ProvisioningStyle = Automatic;
					};
				};
			};
			buildConfigurationList = 96F7D44E1E91346D00B23325 /* Build configuration list for PBXProject "ShareAnIftar" */;
			compatibilityVersion = "Xcode 3.2";
			developmentRegion = English;
			hasScannedForEncodings = 0;
			knownRegions = (
				en,
				Base,
			);
			mainGroup = 96F7D44A1E91346D00B23325;
			productRefGroup = 96F7D4541E91346D00B23325 /* Products */;
			projectDirPath = "";
			projectRoot = "";
			targets = (
				96F7D4521E91346D00B23325 /* ShareAnIftar */,
			);
		};
/* End PBXProject section */

/* Begin PBXResourcesBuildPhase section */
		96F7D4511E91346D00B23325 /* Resources */ = {
			isa = PBXResourcesBuildPhase;
			buildActionMask = 2147483647;
			files = (
				7BC0FC411ED3360A008E845D /* ramadankit1.html in Resources */,
				D378F54B1ED418B100E88E25 /* SAIUserTableViewCell.xib in Resources */,
				7B73DD8C1ED57E24001A6AB9 /* iftar2.html in Resources */,
				7BC0FC3F1ED3360A008E845D /* eidkit1.html in Resources */,
				96F7D4611E91346D00B23325 /* LaunchScreen.storyboard in Resources */,
				96F7D45E1E91346D00B23325 /* Assets.xcassets in Resources */,
				7B8982FD1ED17D5600B01B19 /* SAIHadithTableViewCell.xib in Resources */,
				7B89830C1ED1A4D700B01B19 /* SAIInitiativesTableViewCell.xib in Resources */,
				7B8982F91ED176FE00B01B19 /* SAIDuaTableViewCell.xib in Resources */,
				D378F5771ED427D500E88E25 /* IQKeyboardManager.bundle in Resources */,
				7BDF61341ED48ABB00B1B561 /* rsa.h.bak in Resources */,
				96F7D45C1E91346D00B23325 /* Main.storyboard in Resources */,
				7BC0FC371ED319A7008E845D /* PKImages.xcassets in Resources */,
				7BA55E2C1ECE088E00A3052A /* Services.plist in Resources */,
				96F7D4751E990F9600B23325 /* iftar.html in Resources */,
				7BC0FC3E1ED3360A008E845D /* about1.html in Resources */,
				7B8983171ED1D00000B01B19 /* about.html in Resources */,
				96F7D4781E99119600B23325 /* eidkit.html in Resources */,
				96F7D4791E99119600B23325 /* monthlykits.html in Resources */,
				7BC0FC401ED3360A008E845D /* iftar1.html in Resources */,
			);
			runOnlyForDeploymentPostprocessing = 0;
		};
/* End PBXResourcesBuildPhase section */

/* Begin PBXSourcesBuildPhase section */
		96F7D44F1E91346D00B23325 /* Sources */ = {
			isa = PBXSourcesBuildPhase;
			buildActionMask = 2147483647;
			files = (
				7BA55E2E1ECE0B1C00A3052A /* SIATransactionManager.swift in Sources */,
				D378F5711ED427D500E88E25 /* IQTextView.swift in Sources */,
				D378F56D1ED427D500E88E25 /* IQKeyboardManagerConstants.swift in Sources */,
				D378F5701ED427D500E88E25 /* IQKeyboardReturnKeyHandler.swift in Sources */,
				D378F5751ED427D500E88E25 /* IQToolbar.swift in Sources */,
				D378F5681ED427D500E88E25 /* IQUIScrollView+Additions.swift in Sources */,
				D378F56E1ED427D500E88E25 /* IQKeyboardManagerConstantsInternal.swift in Sources */,
				96F7D4591E91346D00B23325 /* ViewController.swift in Sources */,
				7B73DD981EDF17E0001A6AB9 /* SAIEidDonateViewController.swift in Sources */,
				D3A0E7EF1E950C0700FB26C6 /* SAIIftarViewController.swift in Sources */,
				7B8983071ED1A47300B01B19 /* SAIInitiativesViewController.swift in Sources */,
				7B6E43511E9A98C400AB15D0 /* SIANetworkService.swift in Sources */,
				7BC0FC331ED319A7008E845D /* PKHUDSuccessView.swift in Sources */,
				7B8982ED1ED077D300B01B19 /* SAILoginViewController.swift in Sources */,
				D3A0E7ED1E950BF500FB26C6 /* SAIHomeScreenViewController.swift in Sources */,
				D3A0E8451E9A358E00FB26C6 /* KCFABWindow.swift in Sources */,
				7BC0FC291ED319A7008E845D /* FrameView.swift in Sources */,
				D3A0E7FF1E953A0600FB26C6 /* SAIConstants.swift in Sources */,
				7BC0FC321ED319A7008E845D /* PKHUDSquareBaseView.swift in Sources */,
				D378F54A1ED418B100E88E25 /* SAIUserTableViewCell.swift in Sources */,
				D378F5691ED427D500E88E25 /* IQUITextFieldView+Additions.swift in Sources */,
				D3A0E8021E96432D00FB26C6 /* SAIIftarDonateViewController.swift in Sources */,
				D3A0E8431E9A358E00FB26C6 /* KCFABManager.swift in Sources */,
				7B73DD9A1EE08624001A6AB9 /* SAIMonthlyDonateViewController.swift in Sources */,
				7B73DD8F1ED94FAF001A6AB9 /* SAINewVideoTableViewController.swift in Sources */,
				7B8982F11ED16F6C00B01B19 /* SAIHadithViewController.swift in Sources */,
				7BDF61441ED48FBA00B1B561 /* CCResultViewController.m in Sources */,
				7BC0FC2E1ED319A7008E845D /* PKHUDAssets.swift in Sources */,
				D378F56C1ED427D500E88E25 /* IQUIWindow+Hierarchy.swift in Sources */,
				7B89830E1ED1A95D00B01B19 /* SAICompanyViewController.swift in Sources */,
				D3A0E80E1E978D6900FB26C6 /* SAIVideoViewController.swift in Sources */,
				7BDF614A1ED4AEEB00B1B561 /* Base64.m in Sources */,
				D3A0E8471E9A358E00FB26C6 /* KCFloatingActionButtonDelegate.swift in Sources */,
				D3A0E7EB1E950BE100FB26C6 /* SAIEidViewController.swift in Sources */,
				7B89830B1ED1A4D700B01B19 /* SAIInitiativesTableViewCell.swift in Sources */,
				7B8982F81ED176FE00B01B19 /* SAIDuaTableViewCell.swift in Sources */,
				96F7D4571E91346D00B23325 /* AppDelegate.swift in Sources */,
				7B8983111ED1BBF400B01B19 /* SAIUserProfileViewController.swift in Sources */,
				D3A0E7FC1E9527EF00FB26C6 /* SAISideMenuTableViewController.swift in Sources */,
				D378F56A1ED427D500E88E25 /* IQUIView+Hierarchy.swift in Sources */,
				7BC0FC2B1ED319A7008E845D /* PKHUD.swift in Sources */,
				96F7D46E1E9151E000B23325 /* SAIViewController.swift in Sources */,
				7B6E434D1E9A830E00AB15D0 /* SIAHTTPMethod.swift in Sources */,
				7BC0FC2C1ED319A7008E845D /* PKHUDAnimating.swift in Sources */,
				D3A0E7FA1E95276900FB26C6 /* SAIRevealViewController.swift in Sources */,
				D3A0E8461E9A358E00FB26C6 /* KCFloatingActionButton.swift in Sources */,
				D3A0E8481E9A358E00FB26C6 /* KCFloatingActionButtonItem.swift in Sources */,
				7BDF614B1ED4AEEB00B1B561 /* CCTool.m in Sources */,
				D378F5731ED427D500E88E25 /* IQPreviousNextView.swift in Sources */,
				7BC0FC361ED319A7008E845D /* PKHUDWideBaseView.swift in Sources */,
				7B73DD961EDF0D84001A6AB9 /* SAISplashScreenViewController.swift in Sources */,
				D3A0E80C1E978D5900FB26C6 /* SAIGemViewController.swift in Sources */,
				7B8982FC1ED17D5600B01B19 /* SAIHadithTableViewCell.swift in Sources */,
				7B6E434B1E9A82DC00AB15D0 /* SIARequestProtocol.swift in Sources */,
				7BDF61451ED48FBA00B1B561 /* CCWebViewController.m in Sources */,
				D3A0E8441E9A358E00FB26C6 /* KCFABViewController.swift in Sources */,
				D378F5671ED427D500E88E25 /* IQNSArray+Sort.swift in Sources */,
				7BC0FC2F1ED319A7008E845D /* PKHUDErrorView.swift in Sources */,
				7B8982EF1ED086A200B01B19 /* SAIOTPViewController.swift in Sources */,
				7BC0FC301ED319A7008E845D /* PKHUDProgressView.swift in Sources */,
				D3A0E7F11E950C1600FB26C6 /* SAIMonthlyViewController.swift in Sources */,
				7BC0FC2D1ED319A7008E845D /* PKHUDAnimation.swift in Sources */,
				D378F5761ED427D500E88E25 /* IQUIView+IQKeyboardToolbar.swift in Sources */,
				7B8983001ED18FCA00B01B19 /* SAIPromotersViewController.swift in Sources */,
				7BDF61431ED48FBA00B1B561 /* CCInitViewController.m in Sources */,
				7BC0FC351ED319A7008E845D /* PKHUDTextView.swift in Sources */,
				D378F5721ED427D500E88E25 /* IQBarButtonItem.swift in Sources */,
				7B8983151ED1C97300B01B19 /* SAIAboutViewController.swift in Sources */,
				7BC0FC311ED319A7008E845D /* PKHUDRotatingImageView.swift in Sources */,
				D378F56B1ED427D500E88E25 /* IQUIViewController+Additions.swift in Sources */,
				7BC0FC341ED319A7008E845D /* PKHUDSystemActivityIndicatorView.swift in Sources */,
				D378F56F1ED427D500E88E25 /* IQKeyboardManager.swift in Sources */,
				7BC0FC381ED319A7008E845D /* Window.swift in Sources */,
				D3A0E7F81E951A5A00FB26C6 /* SWRevealViewController.m in Sources */,
				7BC0FC391ED319A7008E845D /* WindowRootViewController.swift in Sources */,
				7BC0FC2A1ED319A7008E845D /* HUD.swift in Sources */,
				7B6E434F1E9A8B0D00AB15D0 /* SIANetworkRequest.swift in Sources */,
				D3A0E7D91E94C95E00FB26C6 /* SAITabBarController.swift in Sources */,
				D3A0E8081E978CD800FB26C6 /* SAIFundViewController.swift in Sources */,
				7B8982F31ED16F8000B01B19 /* SAIDuaViewController.swift in Sources */,
				D378F5741ED427D500E88E25 /* IQTitleBarButtonItem.swift in Sources */,
			);
			runOnlyForDeploymentPostprocessing = 0;
		};
/* End PBXSourcesBuildPhase section */

/* Begin PBXVariantGroup section */
		96F7D45A1E91346D00B23325 /* Main.storyboard */ = {
			isa = PBXVariantGroup;
			children = (
				96F7D45B1E91346D00B23325 /* Base */,
			);
			name = Main.storyboard;
			sourceTree = "<group>";
		};
		96F7D45F1E91346D00B23325 /* LaunchScreen.storyboard */ = {
			isa = PBXVariantGroup;
			children = (
				96F7D4601E91346D00B23325 /* Base */,
			);
			name = LaunchScreen.storyboard;
			sourceTree = "<group>";
		};
/* End PBXVariantGroup section */

/* Begin XCBuildConfiguration section */
		96F7D4631E91346D00B23325 /* Debug */ = {
			isa = XCBuildConfiguration;
			buildSettings = {
				ALWAYS_SEARCH_USER_PATHS = NO;
				CLANG_ANALYZER_NONNULL = YES;
				CLANG_CXX_LANGUAGE_STANDARD = "gnu++0x";
				CLANG_CXX_LIBRARY = "libc++";
				CLANG_ENABLE_MODULES = YES;
				CLANG_ENABLE_OBJC_ARC = YES;
				CLANG_WARN_BOOL_CONVERSION = YES;
				CLANG_WARN_CONSTANT_CONVERSION = YES;
				CLANG_WARN_DIRECT_OBJC_ISA_USAGE = YES_ERROR;
				CLANG_WARN_DOCUMENTATION_COMMENTS = YES;
				CLANG_WARN_EMPTY_BODY = YES;
				CLANG_WARN_ENUM_CONVERSION = YES;
				CLANG_WARN_INFINITE_RECURSION = YES;
				CLANG_WARN_INT_CONVERSION = YES;
				CLANG_WARN_OBJC_ROOT_CLASS = YES_ERROR;
				CLANG_WARN_SUSPICIOUS_MOVE = YES;
				CLANG_WARN_UNREACHABLE_CODE = YES;
				CLANG_WARN__DUPLICATE_METHOD_MATCH = YES;
				"CODE_SIGN_IDENTITY[sdk=iphoneos*]" = "iPhone Developer";
				COPY_PHASE_STRIP = NO;
				DEBUG_INFORMATION_FORMAT = dwarf;
				ENABLE_STRICT_OBJC_MSGSEND = YES;
				ENABLE_TESTABILITY = YES;
				GCC_C_LANGUAGE_STANDARD = gnu99;
				GCC_DYNAMIC_NO_PIC = NO;
				GCC_NO_COMMON_BLOCKS = YES;
				GCC_OPTIMIZATION_LEVEL = 0;
				GCC_PREPROCESSOR_DEFINITIONS = (
					"DEBUG=1",
					"$(inherited)",
				);
				GCC_WARN_64_TO_32_BIT_CONVERSION = YES;
				GCC_WARN_ABOUT_RETURN_TYPE = YES_ERROR;
				GCC_WARN_UNDECLARED_SELECTOR = YES;
				GCC_WARN_UNINITIALIZED_AUTOS = YES_AGGRESSIVE;
				GCC_WARN_UNUSED_FUNCTION = YES;
				GCC_WARN_UNUSED_VARIABLE = YES;
				IPHONEOS_DEPLOYMENT_TARGET = 10.2;
				MTL_ENABLE_DEBUG_INFO = YES;
				ONLY_ACTIVE_ARCH = YES;
				SDKROOT = iphoneos;
				SWIFT_ACTIVE_COMPILATION_CONDITIONS = DEBUG;
				SWIFT_OPTIMIZATION_LEVEL = "-Onone";
			};
			name = Debug;
		};
		96F7D4641E91346D00B23325 /* Release */ = {
			isa = XCBuildConfiguration;
			buildSettings = {
				ALWAYS_SEARCH_USER_PATHS = NO;
				CLANG_ANALYZER_NONNULL = YES;
				CLANG_CXX_LANGUAGE_STANDARD = "gnu++0x";
				CLANG_CXX_LIBRARY = "libc++";
				CLANG_ENABLE_MODULES = YES;
				CLANG_ENABLE_OBJC_ARC = YES;
				CLANG_WARN_BOOL_CONVERSION = YES;
				CLANG_WARN_CONSTANT_CONVERSION = YES;
				CLANG_WARN_DIRECT_OBJC_ISA_USAGE = YES_ERROR;
				CLANG_WARN_DOCUMENTATION_COMMENTS = YES;
				CLANG_WARN_EMPTY_BODY = YES;
				CLANG_WARN_ENUM_CONVERSION = YES;
				CLANG_WARN_INFINITE_RECURSION = YES;
				CLANG_WARN_INT_CONVERSION = YES;
				CLANG_WARN_OBJC_ROOT_CLASS = YES_ERROR;
				CLANG_WARN_SUSPICIOUS_MOVE = YES;
				CLANG_WARN_UNREACHABLE_CODE = YES;
				CLANG_WARN__DUPLICATE_METHOD_MATCH = YES;
				"CODE_SIGN_IDENTITY[sdk=iphoneos*]" = "iPhone Developer";
				COPY_PHASE_STRIP = NO;
				DEBUG_INFORMATION_FORMAT = "dwarf-with-dsym";
				ENABLE_NS_ASSERTIONS = NO;
				ENABLE_STRICT_OBJC_MSGSEND = YES;
				GCC_C_LANGUAGE_STANDARD = gnu99;
				GCC_NO_COMMON_BLOCKS = YES;
				GCC_WARN_64_TO_32_BIT_CONVERSION = YES;
				GCC_WARN_ABOUT_RETURN_TYPE = YES_ERROR;
				GCC_WARN_UNDECLARED_SELECTOR = YES;
				GCC_WARN_UNINITIALIZED_AUTOS = YES_AGGRESSIVE;
				GCC_WARN_UNUSED_FUNCTION = YES;
				GCC_WARN_UNUSED_VARIABLE = YES;
				IPHONEOS_DEPLOYMENT_TARGET = 10.2;
				MTL_ENABLE_DEBUG_INFO = NO;
				SDKROOT = iphoneos;
				SWIFT_OPTIMIZATION_LEVEL = "-Owholemodule";
				VALIDATE_PRODUCT = YES;
			};
			name = Release;
		};
		96F7D4661E91346D00B23325 /* Debug */ = {
			isa = XCBuildConfiguration;
			buildSettings = {
				ASSETCATALOG_COMPILER_APPICON_NAME = AppIcon;
				CLANG_ENABLE_MODULES = YES;
				"CODE_SIGN_IDENTITY[sdk=iphoneos*]" = "iPhone Developer";
				CODE_SIGN_STYLE = Automatic;
				DEVELOPMENT_TEAM = 7NAZG4PL36;
				ENABLE_BITCODE = NO;
				INFOPLIST_FILE = ShareAnIftar/Info.plist;
				LD_RUNPATH_SEARCH_PATHS = "$(inherited) @executable_path/Frameworks";
				LIBRARY_SEARCH_PATHS = (
					"\"$(SRCROOT)/ShareAnIftar/ExternalLibs/Payment/include\"",
					"\"$(SRCROOT)/ShareAnIftar/ExternalLibs/Payment/lib\"",
				);
				PRODUCT_BUNDLE_IDENTIFIER = com.QBS.ShareAnIftar;
				PRODUCT_NAME = "$(TARGET_NAME)";
				PROVISIONING_PROFILE_SPECIFIER = "";
				SWIFT_OBJC_BRIDGING_HEADER = "ShareAnIftar/ExternalLibs/Side Menu/SWReveal/ShareAnIftar-Bridging-Header.h";
				SWIFT_OPTIMIZATION_LEVEL = "-Onone";
				SWIFT_VERSION = 3.0;
				USER_HEADER_SEARCH_PATHS = "\"$(SRCROOT)/ShareAnIftar/ExternalLibs/Payment/include\" \"$(SRCROOT)/ShareAnIftar/ExternalLibs/Payment/lib\"";
			};
			name = Debug;
		};
		96F7D4671E91346D00B23325 /* Release */ = {
			isa = XCBuildConfiguration;
			buildSettings = {
				ASSETCATALOG_COMPILER_APPICON_NAME = AppIcon;
				CLANG_ENABLE_MODULES = YES;
				"CODE_SIGN_IDENTITY[sdk=iphoneos*]" = "iPhone Developer";
				CODE_SIGN_STYLE = Automatic;
				DEVELOPMENT_TEAM = 7NAZG4PL36;
				ENABLE_BITCODE = NO;
				INFOPLIST_FILE = ShareAnIftar/Info.plist;
				LD_RUNPATH_SEARCH_PATHS = "$(inherited) @executable_path/Frameworks";
				LIBRARY_SEARCH_PATHS = (
					"\"$(SRCROOT)/ShareAnIftar/ExternalLibs/Payment/include\"",
					"\"$(SRCROOT)/ShareAnIftar/ExternalLibs/Payment/lib\"",
				);
				PRODUCT_BUNDLE_IDENTIFIER = com.QBS.ShareAnIftar;
				PRODUCT_NAME = "$(TARGET_NAME)";
				PROVISIONING_PROFILE_SPECIFIER = "";
				SWIFT_OBJC_BRIDGING_HEADER = "ShareAnIftar/ExternalLibs/Side Menu/SWReveal/ShareAnIftar-Bridging-Header.h";
				SWIFT_VERSION = 3.0;
				USER_HEADER_SEARCH_PATHS = "\"$(SRCROOT)/ShareAnIftar/ExternalLibs/Payment/include\" \"$(SRCROOT)/ShareAnIftar/ExternalLibs/Payment/lib\"";
			};
			name = Release;
		};
/* End XCBuildConfiguration section */

/* Begin XCConfigurationList section */
		96F7D44E1E91346D00B23325 /* Build configuration list for PBXProject "ShareAnIftar" */ = {
			isa = XCConfigurationList;
			buildConfigurations = (
				96F7D4631E91346D00B23325 /* Debug */,
				96F7D4641E91346D00B23325 /* Release */,
			);
			defaultConfigurationIsVisible = 0;
			defaultConfigurationName = Release;
		};
		96F7D4651E91346D00B23325 /* Build configuration list for PBXNativeTarget "ShareAnIftar" */ = {
			isa = XCConfigurationList;
			buildConfigurations = (
				96F7D4661E91346D00B23325 /* Debug */,
				96F7D4671E91346D00B23325 /* Release */,
			);
			defaultConfigurationIsVisible = 0;
			defaultConfigurationName = Release;
		};
/* End XCConfigurationList section */
	};
	rootObject = 96F7D44B1E91346D00B23325 /* Project object */;
}
