// !$*UTF8*$!
{
	archiveVersion = 1;
	classes = {
	};
	objectVersion = 46;
	objects = {

/* Begin PBXBuildFile section */
		96F7D4571E91346D00B23325 /* AppDelegate.swift in Sources */ = {isa = PBXBuildFile; fileRef = 96F7D4561E91346D00B23325 /* AppDelegate.swift */; };
		96F7D4591E91346D00B23325 /* ViewController.swift in Sources */ = {isa = PBXBuildFile; fileRef = 96F7D4581E91346D00B23325 /* ViewController.swift */; };
		96F7D45C1E91346D00B23325 /* Main.storyboard in Resources */ = {isa = PBXBuildFile; fileRef = 96F7D45A1E91346D00B23325 /* Main.storyboard */; };
		96F7D45E1E91346D00B23325 /* Assets.xcassets in Resources */ = {isa = PBXBuildFile; fileRef = 96F7D45D1E91346D00B23325 /* Assets.xcassets */; };
		96F7D4611E91346D00B23325 /* LaunchScreen.storyboard in Resources */ = {isa = PBXBuildFile; fileRef = 96F7D45F1E91346D00B23325 /* LaunchScreen.storyboard */; };
		96F7D46E1E9151E000B23325 /* SAIViewController.swift in Sources */ = {isa = PBXBuildFile; fileRef = 96F7D46D1E9151E000B23325 /* SAIViewController.swift */; };
		96F7D4701E91524100B23325 /* SAIServiceManager.swift in Sources */ = {isa = PBXBuildFile; fileRef = 96F7D46F1E91524100B23325 /* SAIServiceManager.swift */; };
		D3A0E7D91E94C95E00FB26C6 /* SAITabBarController.swift in Sources */ = {isa = PBXBuildFile; fileRef = D3A0E7D81E94C95E00FB26C6 /* SAITabBarController.swift */; };
		D3A0E7EB1E950BE100FB26C6 /* SAIEidViewController.swift in Sources */ = {isa = PBXBuildFile; fileRef = D3A0E7EA1E950BE100FB26C6 /* SAIEidViewController.swift */; };
		D3A0E7ED1E950BF500FB26C6 /* SAIHomeScreenViewController.swift in Sources */ = {isa = PBXBuildFile; fileRef = D3A0E7EC1E950BF500FB26C6 /* SAIHomeScreenViewController.swift */; };
		D3A0E7EF1E950C0700FB26C6 /* SAIIftarViewController.swift in Sources */ = {isa = PBXBuildFile; fileRef = D3A0E7EE1E950C0700FB26C6 /* SAIIftarViewController.swift */; };
		D3A0E7F11E950C1600FB26C6 /* SAIMonthlyViewController.swift in Sources */ = {isa = PBXBuildFile; fileRef = D3A0E7F01E950C1600FB26C6 /* SAIMonthlyViewController.swift */; };
		D3A0E7F81E951A5A00FB26C6 /* SWRevealViewController.m in Sources */ = {isa = PBXBuildFile; fileRef = D3A0E7F71E951A5A00FB26C6 /* SWRevealViewController.m */; };
		D3A0E7FA1E95276900FB26C6 /* SAIRevealViewController.swift in Sources */ = {isa = PBXBuildFile; fileRef = D3A0E7F91E95276900FB26C6 /* SAIRevealViewController.swift */; };
		D3A0E7FC1E9527EF00FB26C6 /* SAISideMenuTableViewController.swift in Sources */ = {isa = PBXBuildFile; fileRef = D3A0E7FB1E9527EF00FB26C6 /* SAISideMenuTableViewController.swift */; };
		D3A0E7FF1E953A0600FB26C6 /* SAIConstants.swift in Sources */ = {isa = PBXBuildFile; fileRef = D3A0E7FE1E953A0600FB26C6 /* SAIConstants.swift */; };
/* End PBXBuildFile section */

/* Begin PBXFileReference section */
		96F7D4531E91346D00B23325 /* ShareAnIftar.app */ = {isa = PBXFileReference; explicitFileType = wrapper.application; includeInIndex = 0; path = ShareAnIftar.app; sourceTree = BUILT_PRODUCTS_DIR; };
		96F7D4561E91346D00B23325 /* AppDelegate.swift */ = {isa = PBXFileReference; lastKnownFileType = sourcecode.swift; path = AppDelegate.swift; sourceTree = "<group>"; };
		96F7D4581E91346D00B23325 /* ViewController.swift */ = {isa = PBXFileReference; lastKnownFileType = sourcecode.swift; path = ViewController.swift; sourceTree = "<group>"; };
		96F7D45B1E91346D00B23325 /* Base */ = {isa = PBXFileReference; lastKnownFileType = file.storyboard; name = Base; path = Base.lproj/Main.storyboard; sourceTree = "<group>"; };
		96F7D45D1E91346D00B23325 /* Assets.xcassets */ = {isa = PBXFileReference; lastKnownFileType = folder.assetcatalog; path = Assets.xcassets; sourceTree = "<group>"; };
		96F7D4601E91346D00B23325 /* Base */ = {isa = PBXFileReference; lastKnownFileType = file.storyboard; name = Base; path = Base.lproj/LaunchScreen.storyboard; sourceTree = "<group>"; };
		96F7D4621E91346D00B23325 /* Info.plist */ = {isa = PBXFileReference; lastKnownFileType = text.plist.xml; path = Info.plist; sourceTree = "<group>"; };
		96F7D46D1E9151E000B23325 /* SAIViewController.swift */ = {isa = PBXFileReference; fileEncoding = 4; lastKnownFileType = sourcecode.swift; path = SAIViewController.swift; sourceTree = "<group>"; };
		96F7D46F1E91524100B23325 /* SAIServiceManager.swift */ = {isa = PBXFileReference; fileEncoding = 4; lastKnownFileType = sourcecode.swift; path = SAIServiceManager.swift; sourceTree = "<group>"; };
		D3A0E7D81E94C95E00FB26C6 /* SAITabBarController.swift */ = {isa = PBXFileReference; fileEncoding = 4; lastKnownFileType = sourcecode.swift; path = SAITabBarController.swift; sourceTree = "<group>"; };
		D3A0E7EA1E950BE100FB26C6 /* SAIEidViewController.swift */ = {isa = PBXFileReference; fileEncoding = 4; lastKnownFileType = sourcecode.swift; path = SAIEidViewController.swift; sourceTree = "<group>"; };
		D3A0E7EC1E950BF500FB26C6 /* SAIHomeScreenViewController.swift */ = {isa = PBXFileReference; fileEncoding = 4; lastKnownFileType = sourcecode.swift; path = SAIHomeScreenViewController.swift; sourceTree = "<group>"; };
		D3A0E7EE1E950C0700FB26C6 /* SAIIftarViewController.swift */ = {isa = PBXFileReference; fileEncoding = 4; lastKnownFileType = sourcecode.swift; path = SAIIftarViewController.swift; sourceTree = "<group>"; };
		D3A0E7F01E950C1600FB26C6 /* SAIMonthlyViewController.swift */ = {isa = PBXFileReference; fileEncoding = 4; lastKnownFileType = sourcecode.swift; path = SAIMonthlyViewController.swift; sourceTree = "<group>"; };
		D3A0E7F51E951A5900FB26C6 /* ShareAnIftar-Bridging-Header.h */ = {isa = PBXFileReference; lastKnownFileType = sourcecode.c.h; path = "ShareAnIftar-Bridging-Header.h"; sourceTree = "<group>"; };
		D3A0E7F61E951A5A00FB26C6 /* SWRevealViewController.h */ = {isa = PBXFileReference; fileEncoding = 4; lastKnownFileType = sourcecode.c.h; path = SWRevealViewController.h; sourceTree = "<group>"; };
		D3A0E7F71E951A5A00FB26C6 /* SWRevealViewController.m */ = {isa = PBXFileReference; fileEncoding = 4; lastKnownFileType = sourcecode.c.objc; path = SWRevealViewController.m; sourceTree = "<group>"; };
		D3A0E7F91E95276900FB26C6 /* SAIRevealViewController.swift */ = {isa = PBXFileReference; fileEncoding = 4; lastKnownFileType = sourcecode.swift; path = SAIRevealViewController.swift; sourceTree = "<group>"; };
		D3A0E7FB1E9527EF00FB26C6 /* SAISideMenuTableViewController.swift */ = {isa = PBXFileReference; fileEncoding = 4; lastKnownFileType = sourcecode.swift; path = SAISideMenuTableViewController.swift; sourceTree = "<group>"; };
		D3A0E7FE1E953A0600FB26C6 /* SAIConstants.swift */ = {isa = PBXFileReference; fileEncoding = 4; lastKnownFileType = sourcecode.swift; path = SAIConstants.swift; sourceTree = "<group>"; };
/* End PBXFileReference section */

/* Begin PBXFrameworksBuildPhase section */
		96F7D4501E91346D00B23325 /* Frameworks */ = {
			isa = PBXFrameworksBuildPhase;
			buildActionMask = 2147483647;
			files = (
			);
			runOnlyForDeploymentPostprocessing = 0;
		};
/* End PBXFrameworksBuildPhase section */

/* Begin PBXGroup section */
		96F7D44A1E91346D00B23325 = {
			isa = PBXGroup;
			children = (
				96F7D4551E91346D00B23325 /* ShareAnIftar */,
				96F7D4541E91346D00B23325 /* Products */,
			);
			sourceTree = "<group>";
		};
		96F7D4541E91346D00B23325 /* Products */ = {
			isa = PBXGroup;
			children = (
				96F7D4531E91346D00B23325 /* ShareAnIftar.app */,
			);
			name = Products;
			sourceTree = "<group>";
		};
		96F7D4551E91346D00B23325 /* ShareAnIftar */ = {
			isa = PBXGroup;
			children = (
				D3A0E7F21E9519F100FB26C6 /* ExternalLibs */,
				96F7D4691E91510D00B23325 /* Modules */,
				96F7D4681E9150F200B23325 /* Service Manager */,
				96F7D4561E91346D00B23325 /* AppDelegate.swift */,
				96F7D4581E91346D00B23325 /* ViewController.swift */,
				96F7D45A1E91346D00B23325 /* Main.storyboard */,
				96F7D45D1E91346D00B23325 /* Assets.xcassets */,
				96F7D45F1E91346D00B23325 /* LaunchScreen.storyboard */,
				96F7D4621E91346D00B23325 /* Info.plist */,
			);
			path = ShareAnIftar;
			sourceTree = "<group>";
		};
		96F7D4681E9150F200B23325 /* Service Manager */ = {
			isa = PBXGroup;
			children = (
				96F7D46F1E91524100B23325 /* SAIServiceManager.swift */,
			);
			path = "Service Manager";
			sourceTree = "<group>";
		};
		96F7D4691E91510D00B23325 /* Modules */ = {
			isa = PBXGroup;
			children = (
				D3A0E7FD1E9539ED00FB26C6 /* Constants */,
				D3A0E7E51E950B9600FB26C6 /* Landing Page */,
				96F7D46C1E91515E00B23325 /* Base */,
			);
			path = Modules;
			sourceTree = "<group>";
		};
		96F7D46C1E91515E00B23325 /* Base */ = {
			isa = PBXGroup;
			children = (
				96F7D46D1E9151E000B23325 /* SAIViewController.swift */,
				D3A0E7D81E94C95E00FB26C6 /* SAITabBarController.swift */,
			);
			path = Base;
			sourceTree = "<group>";
		};
		D3A0E7E51E950B9600FB26C6 /* Landing Page */ = {
			isa = PBXGroup;
			children = (
				D3A0E7E61E950BC700FB26C6 /* Eid */,
				D3A0E7E71E950BC700FB26C6 /* Home Screen */,
				D3A0E7E81E950BC700FB26C6 /* Iftar */,
				D3A0E7E91E950BC700FB26C6 /* Monthly */,
			);
			path = "Landing Page";
			sourceTree = "<group>";
		};
		D3A0E7E61E950BC700FB26C6 /* Eid */ = {
			isa = PBXGroup;
			children = (
				D3A0E7EA1E950BE100FB26C6 /* SAIEidViewController.swift */,
			);
			path = Eid;
			sourceTree = "<group>";
		};
		D3A0E7E71E950BC700FB26C6 /* Home Screen */ = {
			isa = PBXGroup;
			children = (
				D3A0E7EC1E950BF500FB26C6 /* SAIHomeScreenViewController.swift */,
			);
			path = "Home Screen";
			sourceTree = "<group>";
		};
		D3A0E7E81E950BC700FB26C6 /* Iftar */ = {
			isa = PBXGroup;
			children = (
				D3A0E7EE1E950C0700FB26C6 /* SAIIftarViewController.swift */,
			);
			path = Iftar;
			sourceTree = "<group>";
		};
		D3A0E7E91E950BC700FB26C6 /* Monthly */ = {
			isa = PBXGroup;
			children = (
				D3A0E7F01E950C1600FB26C6 /* SAIMonthlyViewController.swift */,
			);
			path = Monthly;
			sourceTree = "<group>";
		};
		D3A0E7F21E9519F100FB26C6 /* ExternalLibs */ = {
			isa = PBXGroup;
			children = (
				D3A0E7F31E951A1400FB26C6 /* Side Menu */,
			);
			path = ExternalLibs;
			sourceTree = "<group>";
		};
		D3A0E7F31E951A1400FB26C6 /* Side Menu */ = {
			isa = PBXGroup;
			children = (
				D3A0E7F41E951A2700FB26C6 /* SWReveal */,
			);
			path = "Side Menu";
			sourceTree = "<group>";
		};
		D3A0E7F41E951A2700FB26C6 /* SWReveal */ = {
			isa = PBXGroup;
			children = (
				D3A0E7F61E951A5A00FB26C6 /* SWRevealViewController.h */,
				D3A0E7F71E951A5A00FB26C6 /* SWRevealViewController.m */,
				D3A0E7F51E951A5900FB26C6 /* ShareAnIftar-Bridging-Header.h */,
				D3A0E7F91E95276900FB26C6 /* SAIRevealViewController.swift */,
				D3A0E7FB1E9527EF00FB26C6 /* SAISideMenuTableViewController.swift */,
			);
			path = SWReveal;
			sourceTree = "<group>";
		};
		D3A0E7FD1E9539ED00FB26C6 /* Constants */ = {
			isa = PBXGroup;
			children = (
				D3A0E7FE1E953A0600FB26C6 /* SAIConstants.swift */,
			);
			path = Constants;
			sourceTree = "<group>";
		};
/* End PBXGroup section */

/* Begin PBXNativeTarget section */
		96F7D4521E91346D00B23325 /* ShareAnIftar */ = {
			isa = PBXNativeTarget;
			buildConfigurationList = 96F7D4651E91346D00B23325 /* Build configuration list for PBXNativeTarget "ShareAnIftar" */;
			buildPhases = (
				96F7D44F1E91346D00B23325 /* Sources */,
				96F7D4501E91346D00B23325 /* Frameworks */,
				96F7D4511E91346D00B23325 /* Resources */,
			);
			buildRules = (
			);
			dependencies = (
			);
			name = ShareAnIftar;
			productName = ShareAnIftar;
			productReference = 96F7D4531E91346D00B23325 /* ShareAnIftar.app */;
			productType = "com.apple.product-type.application";
		};
/* End PBXNativeTarget section */

/* Begin PBXProject section */
		96F7D44B1E91346D00B23325 /* Project object */ = {
			isa = PBXProject;
			attributes = {
				LastSwiftUpdateCheck = 0820;
				LastUpgradeCheck = 0820;
				ORGANIZATIONNAME = QBS;
				TargetAttributes = {
					96F7D4521E91346D00B23325 = {
						CreatedOnToolsVersion = 8.2.1;
						LastSwiftMigration = 0820;
						ProvisioningStyle = Automatic;
					};
				};
			};
			buildConfigurationList = 96F7D44E1E91346D00B23325 /* Build configuration list for PBXProject "ShareAnIftar" */;
			compatibilityVersion = "Xcode 3.2";
			developmentRegion = English;
			hasScannedForEncodings = 0;
			knownRegions = (
				en,
				Base,
			);
			mainGroup = 96F7D44A1E91346D00B23325;
			productRefGroup = 96F7D4541E91346D00B23325 /* Products */;
			projectDirPath = "";
			projectRoot = "";
			targets = (
				96F7D4521E91346D00B23325 /* ShareAnIftar */,
			);
		};
/* End PBXProject section */

/* Begin PBXResourcesBuildPhase section */
		96F7D4511E91346D00B23325 /* Resources */ = {
			isa = PBXResourcesBuildPhase;
			buildActionMask = 2147483647;
			files = (
				96F7D4611E91346D00B23325 /* LaunchScreen.storyboard in Resources */,
				96F7D45E1E91346D00B23325 /* Assets.xcassets in Resources */,
				96F7D45C1E91346D00B23325 /* Main.storyboard in Resources */,
			);
			runOnlyForDeploymentPostprocessing = 0;
		};
/* End PBXResourcesBuildPhase section */

/* Begin PBXSourcesBuildPhase section */
		96F7D44F1E91346D00B23325 /* Sources */ = {
			isa = PBXSourcesBuildPhase;
			buildActionMask = 2147483647;
			files = (
				96F7D4591E91346D00B23325 /* ViewController.swift in Sources */,
				D3A0E7EF1E950C0700FB26C6 /* SAIIftarViewController.swift in Sources */,
				D3A0E7ED1E950BF500FB26C6 /* SAIHomeScreenViewController.swift in Sources */,
				D3A0E7FF1E953A0600FB26C6 /* SAIConstants.swift in Sources */,
				D3A0E7EB1E950BE100FB26C6 /* SAIEidViewController.swift in Sources */,
				96F7D4571E91346D00B23325 /* AppDelegate.swift in Sources */,
				D3A0E7FC1E9527EF00FB26C6 /* SAISideMenuTableViewController.swift in Sources */,
				96F7D46E1E9151E000B23325 /* SAIViewController.swift in Sources */,
				D3A0E7FA1E95276900FB26C6 /* SAIRevealViewController.swift in Sources */,
				D3A0E7F11E950C1600FB26C6 /* SAIMonthlyViewController.swift in Sources */,
				D3A0E7F81E951A5A00FB26C6 /* SWRevealViewController.m in Sources */,
				D3A0E7D91E94C95E00FB26C6 /* SAITabBarController.swift in Sources */,
				96F7D4701E91524100B23325 /* SAIServiceManager.swift in Sources */,
			);
			runOnlyForDeploymentPostprocessing = 0;
		};
/* End PBXSourcesBuildPhase section */

/* Begin PBXVariantGroup section */
		96F7D45A1E91346D00B23325 /* Main.storyboard */ = {
			isa = PBXVariantGroup;
			children = (
				96F7D45B1E91346D00B23325 /* Base */,
			);
			name = Main.storyboard;
			sourceTree = "<group>";
		};
		96F7D45F1E91346D00B23325 /* LaunchScreen.storyboard */ = {
			isa = PBXVariantGroup;
			children = (
				96F7D4601E91346D00B23325 /* Base */,
			);
			name = LaunchScreen.storyboard;
			sourceTree = "<group>";
		};
/* End PBXVariantGroup section */

/* Begin XCBuildConfiguration section */
		96F7D4631E91346D00B23325 /* Debug */ = {
			isa = XCBuildConfiguration;
			buildSettings = {
				ALWAYS_SEARCH_USER_PATHS = NO;
				CLANG_ANALYZER_NONNULL = YES;
				CLANG_CXX_LANGUAGE_STANDARD = "gnu++0x";
				CLANG_CXX_LIBRARY = "libc++";
				CLANG_ENABLE_MODULES = YES;
				CLANG_ENABLE_OBJC_ARC = YES;
				CLANG_WARN_BOOL_CONVERSION = YES;
				CLANG_WARN_CONSTANT_CONVERSION = YES;
				CLANG_WARN_DIRECT_OBJC_ISA_USAGE = YES_ERROR;
				CLANG_WARN_DOCUMENTATION_COMMENTS = YES;
				CLANG_WARN_EMPTY_BODY = YES;
				CLANG_WARN_ENUM_CONVERSION = YES;
				CLANG_WARN_INFINITE_RECURSION = YES;
				CLANG_WARN_INT_CONVERSION = YES;
				CLANG_WARN_OBJC_ROOT_CLASS = YES_ERROR;
				CLANG_WARN_SUSPICIOUS_MOVE = YES;
				CLANG_WARN_UNREACHABLE_CODE = YES;
				CLANG_WARN__DUPLICATE_METHOD_MATCH = YES;
				"CODE_SIGN_IDENTITY[sdk=iphoneos*]" = "iPhone Developer";
				COPY_PHASE_STRIP = NO;
				DEBUG_INFORMATION_FORMAT = dwarf;
				ENABLE_STRICT_OBJC_MSGSEND = YES;
				ENABLE_TESTABILITY = YES;
				GCC_C_LANGUAGE_STANDARD = gnu99;
				GCC_DYNAMIC_NO_PIC = NO;
				GCC_NO_COMMON_BLOCKS = YES;
				GCC_OPTIMIZATION_LEVEL = 0;
				GCC_PREPROCESSOR_DEFINITIONS = (
					"DEBUG=1",
					"$(inherited)",
				);
				GCC_WARN_64_TO_32_BIT_CONVERSION = YES;
				GCC_WARN_ABOUT_RETURN_TYPE = YES_ERROR;
				GCC_WARN_UNDECLARED_SELECTOR = YES;
				GCC_WARN_UNINITIALIZED_AUTOS = YES_AGGRESSIVE;
				GCC_WARN_UNUSED_FUNCTION = YES;
				GCC_WARN_UNUSED_VARIABLE = YES;
				IPHONEOS_DEPLOYMENT_TARGET = 10.2;
				MTL_ENABLE_DEBUG_INFO = YES;
				ONLY_ACTIVE_ARCH = YES;
				SDKROOT = iphoneos;
				SWIFT_ACTIVE_COMPILATION_CONDITIONS = DEBUG;
				SWIFT_OPTIMIZATION_LEVEL = "-Onone";
			};
			name = Debug;
		};
		96F7D4641E91346D00B23325 /* Release */ = {
			isa = XCBuildConfiguration;
			buildSettings = {
				ALWAYS_SEARCH_USER_PATHS = NO;
				CLANG_ANALYZER_NONNULL = YES;
				CLANG_CXX_LANGUAGE_STANDARD = "gnu++0x";
				CLANG_CXX_LIBRARY = "libc++";
				CLANG_ENABLE_MODULES = YES;
				CLANG_ENABLE_OBJC_ARC = YES;
				CLANG_WARN_BOOL_CONVERSION = YES;
				CLANG_WARN_CONSTANT_CONVERSION = YES;
				CLANG_WARN_DIRECT_OBJC_ISA_USAGE = YES_ERROR;
				CLANG_WARN_DOCUMENTATION_COMMENTS = YES;
				CLANG_WARN_EMPTY_BODY = YES;
				CLANG_WARN_ENUM_CONVERSION = YES;
				CLANG_WARN_INFINITE_RECURSION = YES;
				CLANG_WARN_INT_CONVERSION = YES;
				CLANG_WARN_OBJC_ROOT_CLASS = YES_ERROR;
				CLANG_WARN_SUSPICIOUS_MOVE = YES;
				CLANG_WARN_UNREACHABLE_CODE = YES;
				CLANG_WARN__DUPLICATE_METHOD_MATCH = YES;
				"CODE_SIGN_IDENTITY[sdk=iphoneos*]" = "iPhone Developer";
				COPY_PHASE_STRIP = NO;
				DEBUG_INFORMATION_FORMAT = "dwarf-with-dsym";
				ENABLE_NS_ASSERTIONS = NO;
				ENABLE_STRICT_OBJC_MSGSEND = YES;
				GCC_C_LANGUAGE_STANDARD = gnu99;
				GCC_NO_COMMON_BLOCKS = YES;
				GCC_WARN_64_TO_32_BIT_CONVERSION = YES;
				GCC_WARN_ABOUT_RETURN_TYPE = YES_ERROR;
				GCC_WARN_UNDECLARED_SELECTOR = YES;
				GCC_WARN_UNINITIALIZED_AUTOS = YES_AGGRESSIVE;
				GCC_WARN_UNUSED_FUNCTION = YES;
				GCC_WARN_UNUSED_VARIABLE = YES;
				IPHONEOS_DEPLOYMENT_TARGET = 10.2;
				MTL_ENABLE_DEBUG_INFO = NO;
				SDKROOT = iphoneos;
				SWIFT_OPTIMIZATION_LEVEL = "-Owholemodule";
				VALIDATE_PRODUCT = YES;
			};
			name = Release;
		};
		96F7D4661E91346D00B23325 /* Debug */ = {
			isa = XCBuildConfiguration;
			buildSettings = {
				ASSETCATALOG_COMPILER_APPICON_NAME = AppIcon;
				CLANG_ENABLE_MODULES = YES;
				INFOPLIST_FILE = ShareAnIftar/Info.plist;
				LD_RUNPATH_SEARCH_PATHS = "$(inherited) @executable_path/Frameworks";
				PRODUCT_BUNDLE_IDENTIFIER = QBS.ShareAnIftar;
				PRODUCT_NAME = "$(TARGET_NAME)";
				SWIFT_OBJC_BRIDGING_HEADER = "ShareAnIftar/ExternalLibs/Side Menu/SWReveal/ShareAnIftar-Bridging-Header.h";
				SWIFT_OPTIMIZATION_LEVEL = "-Onone";
				SWIFT_VERSION = 3.0;
			};
			name = Debug;
		};
		96F7D4671E91346D00B23325 /* Release */ = {
			isa = XCBuildConfiguration;
			buildSettings = {
				ASSETCATALOG_COMPILER_APPICON_NAME = AppIcon;
				CLANG_ENABLE_MODULES = YES;
				INFOPLIST_FILE = ShareAnIftar/Info.plist;
				LD_RUNPATH_SEARCH_PATHS = "$(inherited) @executable_path/Frameworks";
				PRODUCT_BUNDLE_IDENTIFIER = QBS.ShareAnIftar;
				PRODUCT_NAME = "$(TARGET_NAME)";
				SWIFT_OBJC_BRIDGING_HEADER = "ShareAnIftar/ExternalLibs/Side Menu/SWReveal/ShareAnIftar-Bridging-Header.h";
				SWIFT_VERSION = 3.0;
			};
			name = Release;
		};
/* End XCBuildConfiguration section */

/* Begin XCConfigurationList section */
		96F7D44E1E91346D00B23325 /* Build configuration list for PBXProject "ShareAnIftar" */ = {
			isa = XCConfigurationList;
			buildConfigurations = (
				96F7D4631E91346D00B23325 /* Debug */,
				96F7D4641E91346D00B23325 /* Release */,
			);
			defaultConfigurationIsVisible = 0;
			defaultConfigurationName = Release;
		};
		96F7D4651E91346D00B23325 /* Build configuration list for PBXNativeTarget "ShareAnIftar" */ = {
			isa = XCConfigurationList;
			buildConfigurations = (
				96F7D4661E91346D00B23325 /* Debug */,
				96F7D4671E91346D00B23325 /* Release */,
			);
			defaultConfigurationIsVisible = 0;
			defaultConfigurationName = Release;
		};
/* End XCConfigurationList section */
	};
	rootObject = 96F7D44B1E91346D00B23325 /* Project object */;
}
